// !$*UTF8*$!
{
	archiveVersion = 1;
	classes = {
	};
	objectVersion = 46;
	objects = {

/* Begin PBXBuildFile section */
		FA65BF9F1AEFD5F90031A91B /* GiGLibrary.h in Headers */ = {isa = PBXBuildFile; fileRef = FA65BF9E1AEFD5F90031A91B /* GiGLibrary.h */; settings = {ATTRIBUTES = (Public, ); }; };
		FADF13951AEFD7FB004FFEBD /* GIGConstants.h in Headers */ = {isa = PBXBuildFile; fileRef = FADF13201AEFD7FB004FFEBD /* GIGConstants.h */; settings = {ATTRIBUTES = (Public, ); }; };
		FADF13961AEFD7FB004FFEBD /* GIGGeolocation.h in Headers */ = {isa = PBXBuildFile; fileRef = FADF13221AEFD7FB004FFEBD /* GIGGeolocation.h */; };
		FADF13971AEFD7FB004FFEBD /* GIGGeolocation.m in Sources */ = {isa = PBXBuildFile; fileRef = FADF13231AEFD7FB004FFEBD /* GIGGeolocation.m */; };
		FADF13991AEFD7FB004FFEBD /* GIGImageCache.h in Headers */ = {isa = PBXBuildFile; fileRef = FADF13251AEFD7FB004FFEBD /* GIGImageCache.h */; };
		FADF139A1AEFD7FB004FFEBD /* GIGImageCache.m in Sources */ = {isa = PBXBuildFile; fileRef = FADF13261AEFD7FB004FFEBD /* GIGImageCache.m */; };
		FADF139C1AEFD7FB004FFEBD /* GIGImageCacheNameGenerator.h in Headers */ = {isa = PBXBuildFile; fileRef = FADF13271AEFD7FB004FFEBD /* GIGImageCacheNameGenerator.h */; };
		FADF139D1AEFD7FB004FFEBD /* GIGImageCacheNameGenerator.m in Sources */ = {isa = PBXBuildFile; fileRef = FADF13281AEFD7FB004FFEBD /* GIGImageCacheNameGenerator.m */; };
		FADF139F1AEFD7FB004FFEBD /* GIGImageDownload.h in Headers */ = {isa = PBXBuildFile; fileRef = FADF13291AEFD7FB004FFEBD /* GIGImageDownload.h */; };
		FADF13A01AEFD7FB004FFEBD /* GIGImageDownload.m in Sources */ = {isa = PBXBuildFile; fileRef = FADF132A1AEFD7FB004FFEBD /* GIGImageDownload.m */; };
		FADF13A21AEFD7FB004FFEBD /* GIGImageDownloader.h in Headers */ = {isa = PBXBuildFile; fileRef = FADF132B1AEFD7FB004FFEBD /* GIGImageDownloader.h */; };
		FADF13A31AEFD7FB004FFEBD /* GIGImageDownloader.m in Sources */ = {isa = PBXBuildFile; fileRef = FADF132C1AEFD7FB004FFEBD /* GIGImageDownloader.m */; };
		FADF13A51AEFD7FB004FFEBD /* GIGImageStore.h in Headers */ = {isa = PBXBuildFile; fileRef = FADF132D1AEFD7FB004FFEBD /* GIGImageStore.h */; };
		FADF13A61AEFD7FB004FFEBD /* GIGImageStore.m in Sources */ = {isa = PBXBuildFile; fileRef = FADF132E1AEFD7FB004FFEBD /* GIGImageStore.m */; };
		FADF13A81AEFD7FB004FFEBD /* GIGLayout.h in Headers */ = {isa = PBXBuildFile; fileRef = FADF13301AEFD7FB004FFEBD /* GIGLayout.h */; };
		FADF13A91AEFD7FB004FFEBD /* GIGLayoutBase.h in Headers */ = {isa = PBXBuildFile; fileRef = FADF13311AEFD7FB004FFEBD /* GIGLayoutBase.h */; };
		FADF13AA1AEFD7FB004FFEBD /* GIGLayoutCenter.h in Headers */ = {isa = PBXBuildFile; fileRef = FADF13321AEFD7FB004FFEBD /* GIGLayoutCenter.h */; };
		FADF13AB1AEFD7FB004FFEBD /* GIGLayoutFit.h in Headers */ = {isa = PBXBuildFile; fileRef = FADF13331AEFD7FB004FFEBD /* GIGLayoutFit.h */; };
		FADF13AC1AEFD7FB004FFEBD /* GIGLayoutGridHorizontal.h in Headers */ = {isa = PBXBuildFile; fileRef = FADF13341AEFD7FB004FFEBD /* GIGLayoutGridHorizontal.h */; };
		FADF13AD1AEFD7FB004FFEBD /* GIGLayoutGridHorizontal.m in Sources */ = {isa = PBXBuildFile; fileRef = FADF13351AEFD7FB004FFEBD /* GIGLayoutGridHorizontal.m */; };
		FADF13AF1AEFD7FB004FFEBD /* GIGLayoutGridVertical.h in Headers */ = {isa = PBXBuildFile; fileRef = FADF13361AEFD7FB004FFEBD /* GIGLayoutGridVertical.h */; };
		FADF13B01AEFD7FB004FFEBD /* GIGLayoutGridVertical.m in Sources */ = {isa = PBXBuildFile; fileRef = FADF13371AEFD7FB004FFEBD /* GIGLayoutGridVertical.m */; };
		FADF13B21AEFD7FB004FFEBD /* GIGLayoutSides.h in Headers */ = {isa = PBXBuildFile; fileRef = FADF13381AEFD7FB004FFEBD /* GIGLayoutSides.h */; };
		FADF13B31AEFD7FB004FFEBD /* GIGLayoutSize.h in Headers */ = {isa = PBXBuildFile; fileRef = FADF13391AEFD7FB004FFEBD /* GIGLayoutSize.h */; };
		FADF13B41AEFD7FB004FFEBD /* GIGURLConfigAddDomainViewController.h in Headers */ = {isa = PBXBuildFile; fileRef = FADF133C1AEFD7FB004FFEBD /* GIGURLConfigAddDomainViewController.h */; };
		FADF13B51AEFD7FB004FFEBD /* GIGURLConfigAddDomainViewController.m in Sources */ = {isa = PBXBuildFile; fileRef = FADF133D1AEFD7FB004FFEBD /* GIGURLConfigAddDomainViewController.m */; };
		FADF13B71AEFD7FB004FFEBD /* GIGURLConfigDomainsTableViewController.h in Headers */ = {isa = PBXBuildFile; fileRef = FADF133E1AEFD7FB004FFEBD /* GIGURLConfigDomainsTableViewController.h */; };
		FADF13B81AEFD7FB004FFEBD /* GIGURLConfigDomainsTableViewController.m in Sources */ = {isa = PBXBuildFile; fileRef = FADF133F1AEFD7FB004FFEBD /* GIGURLConfigDomainsTableViewController.m */; };
		FADF13BA1AEFD7FB004FFEBD /* GIGURLConfigFixtureDetailTableViewController.h in Headers */ = {isa = PBXBuildFile; fileRef = FADF13401AEFD7FB004FFEBD /* GIGURLConfigFixtureDetailTableViewController.h */; };
		FADF13BB1AEFD7FB004FFEBD /* GIGURLConfigFixtureDetailTableViewController.m in Sources */ = {isa = PBXBuildFile; fileRef = FADF13411AEFD7FB004FFEBD /* GIGURLConfigFixtureDetailTableViewController.m */; };
		FADF13BD1AEFD7FB004FFEBD /* GIGURLConfigFixturesTableViewController.h in Headers */ = {isa = PBXBuildFile; fileRef = FADF13421AEFD7FB004FFEBD /* GIGURLConfigFixturesTableViewController.h */; };
		FADF13BE1AEFD7FB004FFEBD /* GIGURLConfigFixturesTableViewController.m in Sources */ = {isa = PBXBuildFile; fileRef = FADF13431AEFD7FB004FFEBD /* GIGURLConfigFixturesTableViewController.m */; };
		FADF13C01AEFD7FB004FFEBD /* GIGURLConfigTableViewController.h in Headers */ = {isa = PBXBuildFile; fileRef = FADF13441AEFD7FB004FFEBD /* GIGURLConfigTableViewController.h */; };
		FADF13C11AEFD7FB004FFEBD /* GIGURLConfigTableViewController.m in Sources */ = {isa = PBXBuildFile; fileRef = FADF13451AEFD7FB004FFEBD /* GIGURLConfigTableViewController.m */; };
		FADF13C31AEFD7FB004FFEBD /* GIGURLDomain.h in Headers */ = {isa = PBXBuildFile; fileRef = FADF13471AEFD7FB004FFEBD /* GIGURLDomain.h */; };
		FADF13C41AEFD7FB004FFEBD /* GIGURLDomain.m in Sources */ = {isa = PBXBuildFile; fileRef = FADF13481AEFD7FB004FFEBD /* GIGURLDomain.m */; };
		FADF13C61AEFD7FB004FFEBD /* GIGURLDomainsKeeper.h in Headers */ = {isa = PBXBuildFile; fileRef = FADF13491AEFD7FB004FFEBD /* GIGURLDomainsKeeper.h */; };
		FADF13C71AEFD7FB004FFEBD /* GIGURLDomainsKeeper.m in Sources */ = {isa = PBXBuildFile; fileRef = FADF134A1AEFD7FB004FFEBD /* GIGURLDomainsKeeper.m */; };
		FADF13C91AEFD7FB004FFEBD /* GIGURLFixture.h in Headers */ = {isa = PBXBuildFile; fileRef = FADF134C1AEFD7FB004FFEBD /* GIGURLFixture.h */; };
		FADF13CA1AEFD7FB004FFEBD /* GIGURLFixture.m in Sources */ = {isa = PBXBuildFile; fileRef = FADF134D1AEFD7FB004FFEBD /* GIGURLFixture.m */; };
		FADF13CC1AEFD7FB004FFEBD /* GIGURLFixturesKeeper.h in Headers */ = {isa = PBXBuildFile; fileRef = FADF134E1AEFD7FB004FFEBD /* GIGURLFixturesKeeper.h */; };
		FADF13CD1AEFD7FB004FFEBD /* GIGURLFixturesKeeper.m in Sources */ = {isa = PBXBuildFile; fileRef = FADF134F1AEFD7FB004FFEBD /* GIGURLFixturesKeeper.m */; };
		FADF13CF1AEFD7FB004FFEBD /* GIGURLFormatter.h in Headers */ = {isa = PBXBuildFile; fileRef = FADF13511AEFD7FB004FFEBD /* GIGURLFormatter.h */; };
		FADF13D01AEFD7FB004FFEBD /* GIGURLFormatter.m in Sources */ = {isa = PBXBuildFile; fileRef = FADF13521AEFD7FB004FFEBD /* GIGURLFormatter.m */; };
		FADF13D21AEFD7FB004FFEBD /* GIGURLParametersFormatter.h in Headers */ = {isa = PBXBuildFile; fileRef = FADF13531AEFD7FB004FFEBD /* GIGURLParametersFormatter.h */; };
		FADF13D31AEFD7FB004FFEBD /* GIGURLParametersFormatter.m in Sources */ = {isa = PBXBuildFile; fileRef = FADF13541AEFD7FB004FFEBD /* GIGURLParametersFormatter.m */; };
		FADF13D51AEFD7FB004FFEBD /* GIGURLCommunicator.h in Headers */ = {isa = PBXBuildFile; fileRef = FADF13551AEFD7FB004FFEBD /* GIGURLCommunicator.h */; };
		FADF13D61AEFD7FB004FFEBD /* GIGURLCommunicator.m in Sources */ = {isa = PBXBuildFile; fileRef = FADF13561AEFD7FB004FFEBD /* GIGURLCommunicator.m */; };
		FADF13D81AEFD7FB004FFEBD /* GIGURLFile.h in Headers */ = {isa = PBXBuildFile; fileRef = FADF13571AEFD7FB004FFEBD /* GIGURLFile.h */; };
		FADF13D91AEFD7FB004FFEBD /* GIGURLFile.m in Sources */ = {isa = PBXBuildFile; fileRef = FADF13581AEFD7FB004FFEBD /* GIGURLFile.m */; };
		FADF13DB1AEFD7FB004FFEBD /* GIGURLManager.h in Headers */ = {isa = PBXBuildFile; fileRef = FADF13591AEFD7FB004FFEBD /* GIGURLManager.h */; };
		FADF13DC1AEFD7FB004FFEBD /* GIGURLManager.m in Sources */ = {isa = PBXBuildFile; fileRef = FADF135A1AEFD7FB004FFEBD /* GIGURLManager.m */; };
		FADF13DE1AEFD7FB004FFEBD /* GIGURLRequest.h in Headers */ = {isa = PBXBuildFile; fileRef = FADF135B1AEFD7FB004FFEBD /* GIGURLRequest.h */; settings = {ATTRIBUTES = (Public, ); }; };
		FADF13DF1AEFD7FB004FFEBD /* GIGURLRequest.m in Sources */ = {isa = PBXBuildFile; fileRef = FADF135C1AEFD7FB004FFEBD /* GIGURLRequest.m */; };
		FADF13E11AEFD7FB004FFEBD /* GIGURLConnectionBuilder.h in Headers */ = {isa = PBXBuildFile; fileRef = FADF135E1AEFD7FB004FFEBD /* GIGURLConnectionBuilder.h */; };
		FADF13E21AEFD7FB004FFEBD /* GIGURLConnectionBuilder.m in Sources */ = {isa = PBXBuildFile; fileRef = FADF135F1AEFD7FB004FFEBD /* GIGURLConnectionBuilder.m */; };
		FADF13E41AEFD7FB004FFEBD /* GIGURLRequestFactory.h in Headers */ = {isa = PBXBuildFile; fileRef = FADF13601AEFD7FB004FFEBD /* GIGURLRequestFactory.h */; };
		FADF13E51AEFD7FB004FFEBD /* GIGURLRequestFactory.m in Sources */ = {isa = PBXBuildFile; fileRef = FADF13611AEFD7FB004FFEBD /* GIGURLRequestFactory.m */; };
		FADF13E71AEFD7FB004FFEBD /* GIGURLRequestLogger.h in Headers */ = {isa = PBXBuildFile; fileRef = FADF13621AEFD7FB004FFEBD /* GIGURLRequestLogger.h */; };
		FADF13E81AEFD7FB004FFEBD /* GIGURLRequestLogger.m in Sources */ = {isa = PBXBuildFile; fileRef = FADF13631AEFD7FB004FFEBD /* GIGURLRequestLogger.m */; };
		FADF13EA1AEFD7FB004FFEBD /* GIGURLStorage.h in Headers */ = {isa = PBXBuildFile; fileRef = FADF13641AEFD7FB004FFEBD /* GIGURLStorage.h */; };
		FADF13EB1AEFD7FB004FFEBD /* GIGURLStorage.m in Sources */ = {isa = PBXBuildFile; fileRef = FADF13651AEFD7FB004FFEBD /* GIGURLStorage.m */; };
		FADF13ED1AEFD7FB004FFEBD /* GIGURLImageResponse.h in Headers */ = {isa = PBXBuildFile; fileRef = FADF13671AEFD7FB004FFEBD /* GIGURLImageResponse.h */; };
		FADF13EE1AEFD7FB004FFEBD /* GIGURLImageResponse.m in Sources */ = {isa = PBXBuildFile; fileRef = FADF13681AEFD7FB004FFEBD /* GIGURLImageResponse.m */; };
		FADF13F01AEFD7FB004FFEBD /* GIGURLResponse.h in Headers */ = {isa = PBXBuildFile; fileRef = FADF13691AEFD7FB004FFEBD /* GIGURLResponse.h */; };
		FADF13F11AEFD7FB004FFEBD /* GIGURLResponse.m in Sources */ = {isa = PBXBuildFile; fileRef = FADF136A1AEFD7FB004FFEBD /* GIGURLResponse.m */; };
		FADF13F31AEFD7FB004FFEBD /* GIGRegexp.h in Headers */ = {isa = PBXBuildFile; fileRef = FADF136C1AEFD7FB004FFEBD /* GIGRegexp.h */; };
		FADF13F41AEFD7FB004FFEBD /* NSRegularExpression+GIGRegexp.h in Headers */ = {isa = PBXBuildFile; fileRef = FADF136D1AEFD7FB004FFEBD /* NSRegularExpression+GIGRegexp.h */; };
		FADF13F51AEFD7FB004FFEBD /* NSRegularExpression+GIGRegexp.m in Sources */ = {isa = PBXBuildFile; fileRef = FADF136E1AEFD7FB004FFEBD /* NSRegularExpression+GIGRegexp.m */; };
		FADF13F71AEFD7FB004FFEBD /* NSString+GIGRegexp.h in Headers */ = {isa = PBXBuildFile; fileRef = FADF136F1AEFD7FB004FFEBD /* NSString+GIGRegexp.h */; };
		FADF13F81AEFD7FB004FFEBD /* NSString+GIGRegexp.m in Sources */ = {isa = PBXBuildFile; fileRef = FADF13701AEFD7FB004FFEBD /* NSString+GIGRegexp.m */; };
		FADF13FA1AEFD7FB004FFEBD /* NSArray+GIGExtension.h in Headers */ = {isa = PBXBuildFile; fileRef = FADF13731AEFD7FB004FFEBD /* NSArray+GIGExtension.h */; };
		FADF13FB1AEFD7FB004FFEBD /* NSArray+GIGExtension.m in Sources */ = {isa = PBXBuildFile; fileRef = FADF13741AEFD7FB004FFEBD /* NSArray+GIGExtension.m */; };
		FADF13FD1AEFD7FB004FFEBD /* NSBundle+GIGLibrary.h in Headers */ = {isa = PBXBuildFile; fileRef = FADF13761AEFD7FB004FFEBD /* NSBundle+GIGLibrary.h */; };
		FADF13FE1AEFD7FB004FFEBD /* NSBundle+GIGLibrary.m in Sources */ = {isa = PBXBuildFile; fileRef = FADF13771AEFD7FB004FFEBD /* NSBundle+GIGLibrary.m */; };
		FADF14001AEFD7FB004FFEBD /* UIColor+GIGExtension.h in Headers */ = {isa = PBXBuildFile; fileRef = FADF13791AEFD7FB004FFEBD /* UIColor+GIGExtension.h */; };
		FADF14011AEFD7FB004FFEBD /* UIColor+GIGExtension.m in Sources */ = {isa = PBXBuildFile; fileRef = FADF137A1AEFD7FB004FFEBD /* UIColor+GIGExtension.m */; };
		FADF14031AEFD7FB004FFEBD /* GIGDigest.h in Headers */ = {isa = PBXBuildFile; fileRef = FADF137C1AEFD7FB004FFEBD /* GIGDigest.h */; };
		FADF14041AEFD7FB004FFEBD /* GIGDigest.m in Sources */ = {isa = PBXBuildFile; fileRef = FADF137D1AEFD7FB004FFEBD /* GIGDigest.m */; };
		FADF14061AEFD7FB004FFEBD /* GIGFileManager.h in Headers */ = {isa = PBXBuildFile; fileRef = FADF137F1AEFD7FB004FFEBD /* GIGFileManager.h */; };
		FADF14071AEFD7FB004FFEBD /* GIGFileManager.m in Sources */ = {isa = PBXBuildFile; fileRef = FADF13801AEFD7FB004FFEBD /* GIGFileManager.m */; };
		FADF14091AEFD7FB004FFEBD /* GIGDispatch.h in Headers */ = {isa = PBXBuildFile; fileRef = FADF13811AEFD7FB004FFEBD /* GIGDispatch.h */; };
		FADF140A1AEFD7FB004FFEBD /* GIGUtils.h in Headers */ = {isa = PBXBuildFile; fileRef = FADF13821AEFD7FB004FFEBD /* GIGUtils.h */; };
		FADF140B1AEFD7FB004FFEBD /* NSInvocation+GIGExtension.h in Headers */ = {isa = PBXBuildFile; fileRef = FADF13841AEFD7FB004FFEBD /* NSInvocation+GIGExtension.h */; };
		FADF140C1AEFD7FB004FFEBD /* NSInvocation+GIGExtension.m in Sources */ = {isa = PBXBuildFile; fileRef = FADF13851AEFD7FB004FFEBD /* NSInvocation+GIGExtension.m */; };
		FADF140E1AEFD7FB004FFEBD /* NSArray+GIGJSON.h in Headers */ = {isa = PBXBuildFile; fileRef = FADF13871AEFD7FB004FFEBD /* NSArray+GIGJSON.h */; };
		FADF140F1AEFD7FB004FFEBD /* NSArray+GIGJSON.m in Sources */ = {isa = PBXBuildFile; fileRef = FADF13881AEFD7FB004FFEBD /* NSArray+GIGJSON.m */; };
		FADF14111AEFD7FB004FFEBD /* NSData+GIGJSON.h in Headers */ = {isa = PBXBuildFile; fileRef = FADF13891AEFD7FB004FFEBD /* NSData+GIGJSON.h */; };
		FADF14121AEFD7FB004FFEBD /* NSData+GIGJSON.m in Sources */ = {isa = PBXBuildFile; fileRef = FADF138A1AEFD7FB004FFEBD /* NSData+GIGJSON.m */; };
		FADF14141AEFD7FB004FFEBD /* NSDictionary+GIGJSON.h in Headers */ = {isa = PBXBuildFile; fileRef = FADF138B1AEFD7FB004FFEBD /* NSDictionary+GIGJSON.h */; };
		FADF14151AEFD7FB004FFEBD /* NSDictionary+GIGJSON.m in Sources */ = {isa = PBXBuildFile; fileRef = FADF138C1AEFD7FB004FFEBD /* NSDictionary+GIGJSON.m */; };
		FADF14171AEFD7FB004FFEBD /* NSString+GIGJSON.h in Headers */ = {isa = PBXBuildFile; fileRef = FADF138D1AEFD7FB004FFEBD /* NSString+GIGJSON.h */; };
		FADF14181AEFD7FB004FFEBD /* NSString+GIGJSON.m in Sources */ = {isa = PBXBuildFile; fileRef = FADF138E1AEFD7FB004FFEBD /* NSString+GIGJSON.m */; };
		FADF141A1AEFD7FB004FFEBD /* NSUserDefaults+GIGArchive.h in Headers */ = {isa = PBXBuildFile; fileRef = FADF13901AEFD7FB004FFEBD /* NSUserDefaults+GIGArchive.h */; };
		FADF141B1AEFD7FB004FFEBD /* NSUserDefaults+GIGArchive.m in Sources */ = {isa = PBXBuildFile; fileRef = FADF13911AEFD7FB004FFEBD /* NSUserDefaults+GIGArchive.m */; };
		FADF141D1AEFD7FB004FFEBD /* UIView+GIGExtension.h in Headers */ = {isa = PBXBuildFile; fileRef = FADF13931AEFD7FB004FFEBD /* UIView+GIGExtension.h */; };
		FADF141E1AEFD7FB004FFEBD /* UIView+GIGExtension.m in Sources */ = {isa = PBXBuildFile; fileRef = FADF13941AEFD7FB004FFEBD /* UIView+GIGExtension.m */; };
		FADF14291AEFDA76004FFEBD /* main.m in Sources */ = {isa = PBXBuildFile; fileRef = FADF14281AEFDA76004FFEBD /* main.m */; };
		FADF142C1AEFDA76004FFEBD /* AppDelegate.m in Sources */ = {isa = PBXBuildFile; fileRef = FADF142B1AEFDA76004FFEBD /* AppDelegate.m */; };
		FADF142F1AEFDA76004FFEBD /* ViewController.m in Sources */ = {isa = PBXBuildFile; fileRef = FADF142E1AEFDA76004FFEBD /* ViewController.m */; };
		FADF14321AEFDA76004FFEBD /* Main.storyboard in Resources */ = {isa = PBXBuildFile; fileRef = FADF14301AEFDA76004FFEBD /* Main.storyboard */; };
		FADF14341AEFDA76004FFEBD /* Images.xcassets in Resources */ = {isa = PBXBuildFile; fileRef = FADF14331AEFDA76004FFEBD /* Images.xcassets */; };
		FADF14371AEFDA76004FFEBD /* LaunchScreen.xib in Resources */ = {isa = PBXBuildFile; fileRef = FADF14351AEFDA76004FFEBD /* LaunchScreen.xib */; };
		FADF14431AEFDA76004FFEBD /* GiGLibraryTestAppTests.m in Sources */ = {isa = PBXBuildFile; fileRef = FADF14421AEFDA76004FFEBD /* GiGLibraryTestAppTests.m */; };
		FADF144C1AEFDA9D004FFEBD /* GiGLibrary.framework in Frameworks */ = {isa = PBXBuildFile; fileRef = FA65BF991AEFD5F90031A91B /* GiGLibrary.framework */; };
/* End PBXBuildFile section */

/* Begin PBXContainerItemProxy section */
		FADF143D1AEFDA76004FFEBD /* PBXContainerItemProxy */ = {
			isa = PBXContainerItemProxy;
			containerPortal = FA65BF901AEFD5F80031A91B /* Project object */;
			proxyType = 1;
			remoteGlobalIDString = FADF14231AEFDA76004FFEBD;
			remoteInfo = GiGLibraryTestApp;
		};
		FADF144A1AEFDA95004FFEBD /* PBXContainerItemProxy */ = {
			isa = PBXContainerItemProxy;
			containerPortal = FA65BF901AEFD5F80031A91B /* Project object */;
			proxyType = 1;
			remoteGlobalIDString = FA65BF981AEFD5F90031A91B;
			remoteInfo = GiGLibrary;
		};
/* End PBXContainerItemProxy section */

/* Begin PBXFileReference section */
		FA65BF991AEFD5F90031A91B /* GiGLibrary.framework */ = {isa = PBXFileReference; explicitFileType = wrapper.framework; includeInIndex = 0; path = GiGLibrary.framework; sourceTree = BUILT_PRODUCTS_DIR; };
		FA65BF9D1AEFD5F90031A91B /* Info.plist */ = {isa = PBXFileReference; lastKnownFileType = text.plist.xml; path = Info.plist; sourceTree = "<group>"; };
		FA65BF9E1AEFD5F90031A91B /* GiGLibrary.h */ = {isa = PBXFileReference; lastKnownFileType = sourcecode.c.h; path = GiGLibrary.h; sourceTree = "<group>"; };
		FA65BFAA1AEFD5F90031A91B /* Info.plist */ = {isa = PBXFileReference; lastKnownFileType = text.plist.xml; path = Info.plist; sourceTree = "<group>"; };
		FA65BFAB1AEFD5F90031A91B /* GiGLibraryTests.m */ = {isa = PBXFileReference; lastKnownFileType = sourcecode.c.objc; path = GiGLibraryTests.m; sourceTree = "<group>"; };
		FADF13201AEFD7FB004FFEBD /* GIGConstants.h */ = {isa = PBXFileReference; fileEncoding = 4; lastKnownFileType = sourcecode.c.h; path = GIGConstants.h; sourceTree = "<group>"; };
		FADF13221AEFD7FB004FFEBD /* GIGGeolocation.h */ = {isa = PBXFileReference; fileEncoding = 4; lastKnownFileType = sourcecode.c.h; path = GIGGeolocation.h; sourceTree = "<group>"; };
		FADF13231AEFD7FB004FFEBD /* GIGGeolocation.m */ = {isa = PBXFileReference; fileEncoding = 4; lastKnownFileType = sourcecode.c.objc; path = GIGGeolocation.m; sourceTree = "<group>"; };
		FADF13251AEFD7FB004FFEBD /* GIGImageCache.h */ = {isa = PBXFileReference; fileEncoding = 4; lastKnownFileType = sourcecode.c.h; path = GIGImageCache.h; sourceTree = "<group>"; };
		FADF13261AEFD7FB004FFEBD /* GIGImageCache.m */ = {isa = PBXFileReference; fileEncoding = 4; lastKnownFileType = sourcecode.c.objc; path = GIGImageCache.m; sourceTree = "<group>"; };
		FADF13271AEFD7FB004FFEBD /* GIGImageCacheNameGenerator.h */ = {isa = PBXFileReference; fileEncoding = 4; lastKnownFileType = sourcecode.c.h; path = GIGImageCacheNameGenerator.h; sourceTree = "<group>"; };
		FADF13281AEFD7FB004FFEBD /* GIGImageCacheNameGenerator.m */ = {isa = PBXFileReference; fileEncoding = 4; lastKnownFileType = sourcecode.c.objc; path = GIGImageCacheNameGenerator.m; sourceTree = "<group>"; };
		FADF13291AEFD7FB004FFEBD /* GIGImageDownload.h */ = {isa = PBXFileReference; fileEncoding = 4; lastKnownFileType = sourcecode.c.h; path = GIGImageDownload.h; sourceTree = "<group>"; };
		FADF132A1AEFD7FB004FFEBD /* GIGImageDownload.m */ = {isa = PBXFileReference; fileEncoding = 4; lastKnownFileType = sourcecode.c.objc; path = GIGImageDownload.m; sourceTree = "<group>"; };
		FADF132B1AEFD7FB004FFEBD /* GIGImageDownloader.h */ = {isa = PBXFileReference; fileEncoding = 4; lastKnownFileType = sourcecode.c.h; path = GIGImageDownloader.h; sourceTree = "<group>"; };
		FADF132C1AEFD7FB004FFEBD /* GIGImageDownloader.m */ = {isa = PBXFileReference; fileEncoding = 4; lastKnownFileType = sourcecode.c.objc; path = GIGImageDownloader.m; sourceTree = "<group>"; };
		FADF132D1AEFD7FB004FFEBD /* GIGImageStore.h */ = {isa = PBXFileReference; fileEncoding = 4; lastKnownFileType = sourcecode.c.h; path = GIGImageStore.h; sourceTree = "<group>"; };
		FADF132E1AEFD7FB004FFEBD /* GIGImageStore.m */ = {isa = PBXFileReference; fileEncoding = 4; lastKnownFileType = sourcecode.c.objc; path = GIGImageStore.m; sourceTree = "<group>"; };
		FADF13301AEFD7FB004FFEBD /* GIGLayout.h */ = {isa = PBXFileReference; fileEncoding = 4; lastKnownFileType = sourcecode.c.h; path = GIGLayout.h; sourceTree = "<group>"; };
		FADF13311AEFD7FB004FFEBD /* GIGLayoutBase.h */ = {isa = PBXFileReference; fileEncoding = 4; lastKnownFileType = sourcecode.c.h; path = GIGLayoutBase.h; sourceTree = "<group>"; };
		FADF13321AEFD7FB004FFEBD /* GIGLayoutCenter.h */ = {isa = PBXFileReference; fileEncoding = 4; lastKnownFileType = sourcecode.c.h; path = GIGLayoutCenter.h; sourceTree = "<group>"; };
		FADF13331AEFD7FB004FFEBD /* GIGLayoutFit.h */ = {isa = PBXFileReference; fileEncoding = 4; lastKnownFileType = sourcecode.c.h; path = GIGLayoutFit.h; sourceTree = "<group>"; };
		FADF13341AEFD7FB004FFEBD /* GIGLayoutGridHorizontal.h */ = {isa = PBXFileReference; fileEncoding = 4; lastKnownFileType = sourcecode.c.h; path = GIGLayoutGridHorizontal.h; sourceTree = "<group>"; };
		FADF13351AEFD7FB004FFEBD /* GIGLayoutGridHorizontal.m */ = {isa = PBXFileReference; fileEncoding = 4; lastKnownFileType = sourcecode.c.objc; path = GIGLayoutGridHorizontal.m; sourceTree = "<group>"; };
		FADF13361AEFD7FB004FFEBD /* GIGLayoutGridVertical.h */ = {isa = PBXFileReference; fileEncoding = 4; lastKnownFileType = sourcecode.c.h; path = GIGLayoutGridVertical.h; sourceTree = "<group>"; };
		FADF13371AEFD7FB004FFEBD /* GIGLayoutGridVertical.m */ = {isa = PBXFileReference; fileEncoding = 4; lastKnownFileType = sourcecode.c.objc; path = GIGLayoutGridVertical.m; sourceTree = "<group>"; };
		FADF13381AEFD7FB004FFEBD /* GIGLayoutSides.h */ = {isa = PBXFileReference; fileEncoding = 4; lastKnownFileType = sourcecode.c.h; path = GIGLayoutSides.h; sourceTree = "<group>"; };
		FADF13391AEFD7FB004FFEBD /* GIGLayoutSize.h */ = {isa = PBXFileReference; fileEncoding = 4; lastKnownFileType = sourcecode.c.h; path = GIGLayoutSize.h; sourceTree = "<group>"; };
		FADF133C1AEFD7FB004FFEBD /* GIGURLConfigAddDomainViewController.h */ = {isa = PBXFileReference; fileEncoding = 4; lastKnownFileType = sourcecode.c.h; path = GIGURLConfigAddDomainViewController.h; sourceTree = "<group>"; };
		FADF133D1AEFD7FB004FFEBD /* GIGURLConfigAddDomainViewController.m */ = {isa = PBXFileReference; fileEncoding = 4; lastKnownFileType = sourcecode.c.objc; path = GIGURLConfigAddDomainViewController.m; sourceTree = "<group>"; };
		FADF133E1AEFD7FB004FFEBD /* GIGURLConfigDomainsTableViewController.h */ = {isa = PBXFileReference; fileEncoding = 4; lastKnownFileType = sourcecode.c.h; path = GIGURLConfigDomainsTableViewController.h; sourceTree = "<group>"; };
		FADF133F1AEFD7FB004FFEBD /* GIGURLConfigDomainsTableViewController.m */ = {isa = PBXFileReference; fileEncoding = 4; lastKnownFileType = sourcecode.c.objc; path = GIGURLConfigDomainsTableViewController.m; sourceTree = "<group>"; };
		FADF13401AEFD7FB004FFEBD /* GIGURLConfigFixtureDetailTableViewController.h */ = {isa = PBXFileReference; fileEncoding = 4; lastKnownFileType = sourcecode.c.h; path = GIGURLConfigFixtureDetailTableViewController.h; sourceTree = "<group>"; };
		FADF13411AEFD7FB004FFEBD /* GIGURLConfigFixtureDetailTableViewController.m */ = {isa = PBXFileReference; fileEncoding = 4; lastKnownFileType = sourcecode.c.objc; path = GIGURLConfigFixtureDetailTableViewController.m; sourceTree = "<group>"; };
		FADF13421AEFD7FB004FFEBD /* GIGURLConfigFixturesTableViewController.h */ = {isa = PBXFileReference; fileEncoding = 4; lastKnownFileType = sourcecode.c.h; path = GIGURLConfigFixturesTableViewController.h; sourceTree = "<group>"; };
		FADF13431AEFD7FB004FFEBD /* GIGURLConfigFixturesTableViewController.m */ = {isa = PBXFileReference; fileEncoding = 4; lastKnownFileType = sourcecode.c.objc; path = GIGURLConfigFixturesTableViewController.m; sourceTree = "<group>"; };
		FADF13441AEFD7FB004FFEBD /* GIGURLConfigTableViewController.h */ = {isa = PBXFileReference; fileEncoding = 4; lastKnownFileType = sourcecode.c.h; path = GIGURLConfigTableViewController.h; sourceTree = "<group>"; };
		FADF13451AEFD7FB004FFEBD /* GIGURLConfigTableViewController.m */ = {isa = PBXFileReference; fileEncoding = 4; lastKnownFileType = sourcecode.c.objc; path = GIGURLConfigTableViewController.m; sourceTree = "<group>"; };
		FADF13471AEFD7FB004FFEBD /* GIGURLDomain.h */ = {isa = PBXFileReference; fileEncoding = 4; lastKnownFileType = sourcecode.c.h; path = GIGURLDomain.h; sourceTree = "<group>"; };
		FADF13481AEFD7FB004FFEBD /* GIGURLDomain.m */ = {isa = PBXFileReference; fileEncoding = 4; lastKnownFileType = sourcecode.c.objc; path = GIGURLDomain.m; sourceTree = "<group>"; };
		FADF13491AEFD7FB004FFEBD /* GIGURLDomainsKeeper.h */ = {isa = PBXFileReference; fileEncoding = 4; lastKnownFileType = sourcecode.c.h; path = GIGURLDomainsKeeper.h; sourceTree = "<group>"; };
		FADF134A1AEFD7FB004FFEBD /* GIGURLDomainsKeeper.m */ = {isa = PBXFileReference; fileEncoding = 4; lastKnownFileType = sourcecode.c.objc; path = GIGURLDomainsKeeper.m; sourceTree = "<group>"; };
		FADF134C1AEFD7FB004FFEBD /* GIGURLFixture.h */ = {isa = PBXFileReference; fileEncoding = 4; lastKnownFileType = sourcecode.c.h; path = GIGURLFixture.h; sourceTree = "<group>"; };
		FADF134D1AEFD7FB004FFEBD /* GIGURLFixture.m */ = {isa = PBXFileReference; fileEncoding = 4; lastKnownFileType = sourcecode.c.objc; path = GIGURLFixture.m; sourceTree = "<group>"; };
		FADF134E1AEFD7FB004FFEBD /* GIGURLFixturesKeeper.h */ = {isa = PBXFileReference; fileEncoding = 4; lastKnownFileType = sourcecode.c.h; path = GIGURLFixturesKeeper.h; sourceTree = "<group>"; };
		FADF134F1AEFD7FB004FFEBD /* GIGURLFixturesKeeper.m */ = {isa = PBXFileReference; fileEncoding = 4; lastKnownFileType = sourcecode.c.objc; path = GIGURLFixturesKeeper.m; sourceTree = "<group>"; };
		FADF13511AEFD7FB004FFEBD /* GIGURLFormatter.h */ = {isa = PBXFileReference; fileEncoding = 4; lastKnownFileType = sourcecode.c.h; path = GIGURLFormatter.h; sourceTree = "<group>"; };
		FADF13521AEFD7FB004FFEBD /* GIGURLFormatter.m */ = {isa = PBXFileReference; fileEncoding = 4; lastKnownFileType = sourcecode.c.objc; path = GIGURLFormatter.m; sourceTree = "<group>"; };
		FADF13531AEFD7FB004FFEBD /* GIGURLParametersFormatter.h */ = {isa = PBXFileReference; fileEncoding = 4; lastKnownFileType = sourcecode.c.h; path = GIGURLParametersFormatter.h; sourceTree = "<group>"; };
		FADF13541AEFD7FB004FFEBD /* GIGURLParametersFormatter.m */ = {isa = PBXFileReference; fileEncoding = 4; lastKnownFileType = sourcecode.c.objc; path = GIGURLParametersFormatter.m; sourceTree = "<group>"; };
		FADF13551AEFD7FB004FFEBD /* GIGURLCommunicator.h */ = {isa = PBXFileReference; fileEncoding = 4; lastKnownFileType = sourcecode.c.h; path = GIGURLCommunicator.h; sourceTree = "<group>"; };
		FADF13561AEFD7FB004FFEBD /* GIGURLCommunicator.m */ = {isa = PBXFileReference; fileEncoding = 4; lastKnownFileType = sourcecode.c.objc; path = GIGURLCommunicator.m; sourceTree = "<group>"; };
		FADF13571AEFD7FB004FFEBD /* GIGURLFile.h */ = {isa = PBXFileReference; fileEncoding = 4; lastKnownFileType = sourcecode.c.h; path = GIGURLFile.h; sourceTree = "<group>"; };
		FADF13581AEFD7FB004FFEBD /* GIGURLFile.m */ = {isa = PBXFileReference; fileEncoding = 4; lastKnownFileType = sourcecode.c.objc; path = GIGURLFile.m; sourceTree = "<group>"; };
		FADF13591AEFD7FB004FFEBD /* GIGURLManager.h */ = {isa = PBXFileReference; fileEncoding = 4; lastKnownFileType = sourcecode.c.h; path = GIGURLManager.h; sourceTree = "<group>"; };
		FADF135A1AEFD7FB004FFEBD /* GIGURLManager.m */ = {isa = PBXFileReference; fileEncoding = 4; lastKnownFileType = sourcecode.c.objc; path = GIGURLManager.m; sourceTree = "<group>"; };
		FADF135B1AEFD7FB004FFEBD /* GIGURLRequest.h */ = {isa = PBXFileReference; fileEncoding = 4; lastKnownFileType = sourcecode.c.h; path = GIGURLRequest.h; sourceTree = "<group>"; };
		FADF135C1AEFD7FB004FFEBD /* GIGURLRequest.m */ = {isa = PBXFileReference; fileEncoding = 4; lastKnownFileType = sourcecode.c.objc; path = GIGURLRequest.m; sourceTree = "<group>"; };
		FADF135E1AEFD7FB004FFEBD /* GIGURLConnectionBuilder.h */ = {isa = PBXFileReference; fileEncoding = 4; lastKnownFileType = sourcecode.c.h; path = GIGURLConnectionBuilder.h; sourceTree = "<group>"; };
		FADF135F1AEFD7FB004FFEBD /* GIGURLConnectionBuilder.m */ = {isa = PBXFileReference; fileEncoding = 4; lastKnownFileType = sourcecode.c.objc; path = GIGURLConnectionBuilder.m; sourceTree = "<group>"; };
		FADF13601AEFD7FB004FFEBD /* GIGURLRequestFactory.h */ = {isa = PBXFileReference; fileEncoding = 4; lastKnownFileType = sourcecode.c.h; path = GIGURLRequestFactory.h; sourceTree = "<group>"; };
		FADF13611AEFD7FB004FFEBD /* GIGURLRequestFactory.m */ = {isa = PBXFileReference; fileEncoding = 4; lastKnownFileType = sourcecode.c.objc; path = GIGURLRequestFactory.m; sourceTree = "<group>"; };
		FADF13621AEFD7FB004FFEBD /* GIGURLRequestLogger.h */ = {isa = PBXFileReference; fileEncoding = 4; lastKnownFileType = sourcecode.c.h; path = GIGURLRequestLogger.h; sourceTree = "<group>"; };
		FADF13631AEFD7FB004FFEBD /* GIGURLRequestLogger.m */ = {isa = PBXFileReference; fileEncoding = 4; lastKnownFileType = sourcecode.c.objc; path = GIGURLRequestLogger.m; sourceTree = "<group>"; };
		FADF13641AEFD7FB004FFEBD /* GIGURLStorage.h */ = {isa = PBXFileReference; fileEncoding = 4; lastKnownFileType = sourcecode.c.h; path = GIGURLStorage.h; sourceTree = "<group>"; };
		FADF13651AEFD7FB004FFEBD /* GIGURLStorage.m */ = {isa = PBXFileReference; fileEncoding = 4; lastKnownFileType = sourcecode.c.objc; path = GIGURLStorage.m; sourceTree = "<group>"; };
		FADF13671AEFD7FB004FFEBD /* GIGURLImageResponse.h */ = {isa = PBXFileReference; fileEncoding = 4; lastKnownFileType = sourcecode.c.h; path = GIGURLImageResponse.h; sourceTree = "<group>"; };
		FADF13681AEFD7FB004FFEBD /* GIGURLImageResponse.m */ = {isa = PBXFileReference; fileEncoding = 4; lastKnownFileType = sourcecode.c.objc; path = GIGURLImageResponse.m; sourceTree = "<group>"; };
		FADF13691AEFD7FB004FFEBD /* GIGURLResponse.h */ = {isa = PBXFileReference; fileEncoding = 4; lastKnownFileType = sourcecode.c.h; path = GIGURLResponse.h; sourceTree = "<group>"; };
		FADF136A1AEFD7FB004FFEBD /* GIGURLResponse.m */ = {isa = PBXFileReference; fileEncoding = 4; lastKnownFileType = sourcecode.c.objc; path = GIGURLResponse.m; sourceTree = "<group>"; };
		FADF136C1AEFD7FB004FFEBD /* GIGRegexp.h */ = {isa = PBXFileReference; fileEncoding = 4; lastKnownFileType = sourcecode.c.h; path = GIGRegexp.h; sourceTree = "<group>"; };
		FADF136D1AEFD7FB004FFEBD /* NSRegularExpression+GIGRegexp.h */ = {isa = PBXFileReference; fileEncoding = 4; lastKnownFileType = sourcecode.c.h; path = "NSRegularExpression+GIGRegexp.h"; sourceTree = "<group>"; };
		FADF136E1AEFD7FB004FFEBD /* NSRegularExpression+GIGRegexp.m */ = {isa = PBXFileReference; fileEncoding = 4; lastKnownFileType = sourcecode.c.objc; path = "NSRegularExpression+GIGRegexp.m"; sourceTree = "<group>"; };
		FADF136F1AEFD7FB004FFEBD /* NSString+GIGRegexp.h */ = {isa = PBXFileReference; fileEncoding = 4; lastKnownFileType = sourcecode.c.h; path = "NSString+GIGRegexp.h"; sourceTree = "<group>"; };
		FADF13701AEFD7FB004FFEBD /* NSString+GIGRegexp.m */ = {isa = PBXFileReference; fileEncoding = 4; lastKnownFileType = sourcecode.c.objc; path = "NSString+GIGRegexp.m"; sourceTree = "<group>"; };
		FADF13731AEFD7FB004FFEBD /* NSArray+GIGExtension.h */ = {isa = PBXFileReference; fileEncoding = 4; lastKnownFileType = sourcecode.c.h; path = "NSArray+GIGExtension.h"; sourceTree = "<group>"; };
		FADF13741AEFD7FB004FFEBD /* NSArray+GIGExtension.m */ = {isa = PBXFileReference; fileEncoding = 4; lastKnownFileType = sourcecode.c.objc; path = "NSArray+GIGExtension.m"; sourceTree = "<group>"; };
		FADF13761AEFD7FB004FFEBD /* NSBundle+GIGLibrary.h */ = {isa = PBXFileReference; fileEncoding = 4; lastKnownFileType = sourcecode.c.h; path = "NSBundle+GIGLibrary.h"; sourceTree = "<group>"; };
		FADF13771AEFD7FB004FFEBD /* NSBundle+GIGLibrary.m */ = {isa = PBXFileReference; fileEncoding = 4; lastKnownFileType = sourcecode.c.objc; path = "NSBundle+GIGLibrary.m"; sourceTree = "<group>"; };
		FADF13791AEFD7FB004FFEBD /* UIColor+GIGExtension.h */ = {isa = PBXFileReference; fileEncoding = 4; lastKnownFileType = sourcecode.c.h; path = "UIColor+GIGExtension.h"; sourceTree = "<group>"; };
		FADF137A1AEFD7FB004FFEBD /* UIColor+GIGExtension.m */ = {isa = PBXFileReference; fileEncoding = 4; lastKnownFileType = sourcecode.c.objc; path = "UIColor+GIGExtension.m"; sourceTree = "<group>"; };
		FADF137C1AEFD7FB004FFEBD /* GIGDigest.h */ = {isa = PBXFileReference; fileEncoding = 4; lastKnownFileType = sourcecode.c.h; path = GIGDigest.h; sourceTree = "<group>"; };
		FADF137D1AEFD7FB004FFEBD /* GIGDigest.m */ = {isa = PBXFileReference; fileEncoding = 4; lastKnownFileType = sourcecode.c.objc; path = GIGDigest.m; sourceTree = "<group>"; };
		FADF137F1AEFD7FB004FFEBD /* GIGFileManager.h */ = {isa = PBXFileReference; fileEncoding = 4; lastKnownFileType = sourcecode.c.h; path = GIGFileManager.h; sourceTree = "<group>"; };
		FADF13801AEFD7FB004FFEBD /* GIGFileManager.m */ = {isa = PBXFileReference; fileEncoding = 4; lastKnownFileType = sourcecode.c.objc; path = GIGFileManager.m; sourceTree = "<group>"; };
		FADF13811AEFD7FB004FFEBD /* GIGDispatch.h */ = {isa = PBXFileReference; fileEncoding = 4; lastKnownFileType = sourcecode.c.h; path = GIGDispatch.h; sourceTree = "<group>"; };
		FADF13821AEFD7FB004FFEBD /* GIGUtils.h */ = {isa = PBXFileReference; fileEncoding = 4; lastKnownFileType = sourcecode.c.h; path = GIGUtils.h; sourceTree = "<group>"; };
		FADF13841AEFD7FB004FFEBD /* NSInvocation+GIGExtension.h */ = {isa = PBXFileReference; fileEncoding = 4; lastKnownFileType = sourcecode.c.h; path = "NSInvocation+GIGExtension.h"; sourceTree = "<group>"; };
		FADF13851AEFD7FB004FFEBD /* NSInvocation+GIGExtension.m */ = {isa = PBXFileReference; fileEncoding = 4; lastKnownFileType = sourcecode.c.objc; path = "NSInvocation+GIGExtension.m"; sourceTree = "<group>"; };
		FADF13871AEFD7FB004FFEBD /* NSArray+GIGJSON.h */ = {isa = PBXFileReference; fileEncoding = 4; lastKnownFileType = sourcecode.c.h; path = "NSArray+GIGJSON.h"; sourceTree = "<group>"; };
		FADF13881AEFD7FB004FFEBD /* NSArray+GIGJSON.m */ = {isa = PBXFileReference; fileEncoding = 4; lastKnownFileType = sourcecode.c.objc; path = "NSArray+GIGJSON.m"; sourceTree = "<group>"; };
		FADF13891AEFD7FB004FFEBD /* NSData+GIGJSON.h */ = {isa = PBXFileReference; fileEncoding = 4; lastKnownFileType = sourcecode.c.h; path = "NSData+GIGJSON.h"; sourceTree = "<group>"; };
		FADF138A1AEFD7FB004FFEBD /* NSData+GIGJSON.m */ = {isa = PBXFileReference; fileEncoding = 4; lastKnownFileType = sourcecode.c.objc; path = "NSData+GIGJSON.m"; sourceTree = "<group>"; };
		FADF138B1AEFD7FB004FFEBD /* NSDictionary+GIGJSON.h */ = {isa = PBXFileReference; fileEncoding = 4; lastKnownFileType = sourcecode.c.h; path = "NSDictionary+GIGJSON.h"; sourceTree = "<group>"; };
		FADF138C1AEFD7FB004FFEBD /* NSDictionary+GIGJSON.m */ = {isa = PBXFileReference; fileEncoding = 4; lastKnownFileType = sourcecode.c.objc; path = "NSDictionary+GIGJSON.m"; sourceTree = "<group>"; };
		FADF138D1AEFD7FB004FFEBD /* NSString+GIGJSON.h */ = {isa = PBXFileReference; fileEncoding = 4; lastKnownFileType = sourcecode.c.h; path = "NSString+GIGJSON.h"; sourceTree = "<group>"; };
		FADF138E1AEFD7FB004FFEBD /* NSString+GIGJSON.m */ = {isa = PBXFileReference; fileEncoding = 4; lastKnownFileType = sourcecode.c.objc; path = "NSString+GIGJSON.m"; sourceTree = "<group>"; };
		FADF13901AEFD7FB004FFEBD /* NSUserDefaults+GIGArchive.h */ = {isa = PBXFileReference; fileEncoding = 4; lastKnownFileType = sourcecode.c.h; path = "NSUserDefaults+GIGArchive.h"; sourceTree = "<group>"; };
		FADF13911AEFD7FB004FFEBD /* NSUserDefaults+GIGArchive.m */ = {isa = PBXFileReference; fileEncoding = 4; lastKnownFileType = sourcecode.c.objc; path = "NSUserDefaults+GIGArchive.m"; sourceTree = "<group>"; };
		FADF13931AEFD7FB004FFEBD /* UIView+GIGExtension.h */ = {isa = PBXFileReference; fileEncoding = 4; lastKnownFileType = sourcecode.c.h; path = "UIView+GIGExtension.h"; sourceTree = "<group>"; };
		FADF13941AEFD7FB004FFEBD /* UIView+GIGExtension.m */ = {isa = PBXFileReference; fileEncoding = 4; lastKnownFileType = sourcecode.c.objc; path = "UIView+GIGExtension.m"; sourceTree = "<group>"; };
		FADF14241AEFDA76004FFEBD /* GiGLibraryTestApp.app */ = {isa = PBXFileReference; explicitFileType = wrapper.application; includeInIndex = 0; path = GiGLibraryTestApp.app; sourceTree = BUILT_PRODUCTS_DIR; };
		FADF14271AEFDA76004FFEBD /* Info.plist */ = {isa = PBXFileReference; lastKnownFileType = text.plist.xml; path = Info.plist; sourceTree = "<group>"; };
		FADF14281AEFDA76004FFEBD /* main.m */ = {isa = PBXFileReference; lastKnownFileType = sourcecode.c.objc; path = main.m; sourceTree = "<group>"; };
		FADF142A1AEFDA76004FFEBD /* AppDelegate.h */ = {isa = PBXFileReference; lastKnownFileType = sourcecode.c.h; path = AppDelegate.h; sourceTree = "<group>"; };
		FADF142B1AEFDA76004FFEBD /* AppDelegate.m */ = {isa = PBXFileReference; lastKnownFileType = sourcecode.c.objc; path = AppDelegate.m; sourceTree = "<group>"; };
		FADF142D1AEFDA76004FFEBD /* ViewController.h */ = {isa = PBXFileReference; lastKnownFileType = sourcecode.c.h; path = ViewController.h; sourceTree = "<group>"; };
		FADF142E1AEFDA76004FFEBD /* ViewController.m */ = {isa = PBXFileReference; lastKnownFileType = sourcecode.c.objc; path = ViewController.m; sourceTree = "<group>"; };
		FADF14311AEFDA76004FFEBD /* Base */ = {isa = PBXFileReference; lastKnownFileType = file.storyboard; name = Base; path = Base.lproj/Main.storyboard; sourceTree = "<group>"; };
		FADF14331AEFDA76004FFEBD /* Images.xcassets */ = {isa = PBXFileReference; lastKnownFileType = folder.assetcatalog; path = Images.xcassets; sourceTree = "<group>"; };
		FADF14361AEFDA76004FFEBD /* Base */ = {isa = PBXFileReference; lastKnownFileType = file.xib; name = Base; path = Base.lproj/LaunchScreen.xib; sourceTree = "<group>"; };
		FADF143C1AEFDA76004FFEBD /* GiGLibraryTestAppTests.xctest */ = {isa = PBXFileReference; explicitFileType = wrapper.cfbundle; includeInIndex = 0; path = GiGLibraryTestAppTests.xctest; sourceTree = BUILT_PRODUCTS_DIR; };
		FADF14411AEFDA76004FFEBD /* Info.plist */ = {isa = PBXFileReference; lastKnownFileType = text.plist.xml; path = Info.plist; sourceTree = "<group>"; };
		FADF14421AEFDA76004FFEBD /* GiGLibraryTestAppTests.m */ = {isa = PBXFileReference; lastKnownFileType = sourcecode.c.objc; path = GiGLibraryTestAppTests.m; sourceTree = "<group>"; };
/* End PBXFileReference section */

/* Begin PBXFrameworksBuildPhase section */
		FA65BF951AEFD5F90031A91B /* Frameworks */ = {
			isa = PBXFrameworksBuildPhase;
			buildActionMask = 2147483647;
			files = (
			);
			runOnlyForDeploymentPostprocessing = 0;
		};
		FADF14211AEFDA76004FFEBD /* Frameworks */ = {
			isa = PBXFrameworksBuildPhase;
			buildActionMask = 2147483647;
			files = (
				FADF144C1AEFDA9D004FFEBD /* GiGLibrary.framework in Frameworks */,
			);
			runOnlyForDeploymentPostprocessing = 0;
		};
		FADF14391AEFDA76004FFEBD /* Frameworks */ = {
			isa = PBXFrameworksBuildPhase;
			buildActionMask = 2147483647;
			files = (
			);
			runOnlyForDeploymentPostprocessing = 0;
		};
/* End PBXFrameworksBuildPhase section */

/* Begin PBXGroup section */
		FA65BF8F1AEFD5F80031A91B = {
			isa = PBXGroup;
			children = (
				FA65BF9B1AEFD5F90031A91B /* GiGLibrary */,
				FA65BFA81AEFD5F90031A91B /* GiGLibraryTests */,
				FADF14251AEFDA76004FFEBD /* GiGLibraryTestApp */,
				FADF143F1AEFDA76004FFEBD /* GiGLibraryTestAppTests */,
				FA65BF9A1AEFD5F90031A91B /* Products */,
			);
			sourceTree = "<group>";
		};
		FA65BF9A1AEFD5F90031A91B /* Products */ = {
			isa = PBXGroup;
			children = (
				FA65BF991AEFD5F90031A91B /* GiGLibrary.framework */,
				FADF14241AEFDA76004FFEBD /* GiGLibraryTestApp.app */,
				FADF143C1AEFDA76004FFEBD /* GiGLibraryTestAppTests.xctest */,
			);
			name = Products;
			sourceTree = "<group>";
		};
		FA65BF9B1AEFD5F90031A91B /* GiGLibrary */ = {
			isa = PBXGroup;
			children = (
				FA65BF9E1AEFD5F90031A91B /* GiGLibrary.h */,
				FADF131F1AEFD7FB004FFEBD /* Libraries */,
				FA65BF9C1AEFD5F90031A91B /* Supporting Files */,
			);
			path = GiGLibrary;
			sourceTree = "<group>";
		};
		FA65BF9C1AEFD5F90031A91B /* Supporting Files */ = {
			isa = PBXGroup;
			children = (
				FA65BF9D1AEFD5F90031A91B /* Info.plist */,
			);
			name = "Supporting Files";
			sourceTree = "<group>";
		};
		FA65BFA81AEFD5F90031A91B /* GiGLibraryTests */ = {
			isa = PBXGroup;
			children = (
				FA65BFAB1AEFD5F90031A91B /* GiGLibraryTests.m */,
				FA65BFA91AEFD5F90031A91B /* Supporting Files */,
			);
			path = GiGLibraryTests;
			sourceTree = "<group>";
		};
		FA65BFA91AEFD5F90031A91B /* Supporting Files */ = {
			isa = PBXGroup;
			children = (
				FA65BFAA1AEFD5F90031A91B /* Info.plist */,
			);
			name = "Supporting Files";
			sourceTree = "<group>";
		};
		FADF131F1AEFD7FB004FFEBD /* Libraries */ = {
			isa = PBXGroup;
			children = (
				FADF13201AEFD7FB004FFEBD /* GIGConstants.h */,
				FADF13211AEFD7FB004FFEBD /* GIGGeolocation */,
				FADF13241AEFD7FB004FFEBD /* GIGImageCache */,
				FADF132F1AEFD7FB004FFEBD /* GIGLayout */,
				FADF133A1AEFD7FB004FFEBD /* GIGNetwork */,
				FADF136B1AEFD7FB004FFEBD /* GIGRegexp */,
				FADF13711AEFD7FB004FFEBD /* GIGUtils */,
			);
			path = Libraries;
			sourceTree = "<group>";
		};
		FADF13211AEFD7FB004FFEBD /* GIGGeolocation */ = {
			isa = PBXGroup;
			children = (
				FADF13221AEFD7FB004FFEBD /* GIGGeolocation.h */,
				FADF13231AEFD7FB004FFEBD /* GIGGeolocation.m */,
			);
			path = GIGGeolocation;
			sourceTree = "<group>";
		};
		FADF13241AEFD7FB004FFEBD /* GIGImageCache */ = {
			isa = PBXGroup;
			children = (
				FADF13251AEFD7FB004FFEBD /* GIGImageCache.h */,
				FADF13261AEFD7FB004FFEBD /* GIGImageCache.m */,
				FADF13271AEFD7FB004FFEBD /* GIGImageCacheNameGenerator.h */,
				FADF13281AEFD7FB004FFEBD /* GIGImageCacheNameGenerator.m */,
				FADF13291AEFD7FB004FFEBD /* GIGImageDownload.h */,
				FADF132A1AEFD7FB004FFEBD /* GIGImageDownload.m */,
				FADF132B1AEFD7FB004FFEBD /* GIGImageDownloader.h */,
				FADF132C1AEFD7FB004FFEBD /* GIGImageDownloader.m */,
				FADF132D1AEFD7FB004FFEBD /* GIGImageStore.h */,
				FADF132E1AEFD7FB004FFEBD /* GIGImageStore.m */,
			);
			path = GIGImageCache;
			sourceTree = "<group>";
		};
		FADF132F1AEFD7FB004FFEBD /* GIGLayout */ = {
			isa = PBXGroup;
			children = (
				FADF13301AEFD7FB004FFEBD /* GIGLayout.h */,
				FADF13311AEFD7FB004FFEBD /* GIGLayoutBase.h */,
				FADF13321AEFD7FB004FFEBD /* GIGLayoutCenter.h */,
				FADF13331AEFD7FB004FFEBD /* GIGLayoutFit.h */,
				FADF13341AEFD7FB004FFEBD /* GIGLayoutGridHorizontal.h */,
				FADF13351AEFD7FB004FFEBD /* GIGLayoutGridHorizontal.m */,
				FADF13361AEFD7FB004FFEBD /* GIGLayoutGridVertical.h */,
				FADF13371AEFD7FB004FFEBD /* GIGLayoutGridVertical.m */,
				FADF13381AEFD7FB004FFEBD /* GIGLayoutSides.h */,
				FADF13391AEFD7FB004FFEBD /* GIGLayoutSize.h */,
			);
			path = GIGLayout;
			sourceTree = "<group>";
		};
		FADF133A1AEFD7FB004FFEBD /* GIGNetwork */ = {
			isa = PBXGroup;
			children = (
				FADF133B1AEFD7FB004FFEBD /* Config */,
				FADF13461AEFD7FB004FFEBD /* Domains */,
				FADF134B1AEFD7FB004FFEBD /* Fixtures */,
				FADF13501AEFD7FB004FFEBD /* Formatters */,
				FADF13551AEFD7FB004FFEBD /* GIGURLCommunicator.h */,
				FADF13561AEFD7FB004FFEBD /* GIGURLCommunicator.m */,
				FADF13571AEFD7FB004FFEBD /* GIGURLFile.h */,
				FADF13581AEFD7FB004FFEBD /* GIGURLFile.m */,
				FADF13591AEFD7FB004FFEBD /* GIGURLManager.h */,
				FADF135A1AEFD7FB004FFEBD /* GIGURLManager.m */,
				FADF135B1AEFD7FB004FFEBD /* GIGURLRequest.h */,
				FADF135C1AEFD7FB004FFEBD /* GIGURLRequest.m */,
				FADF135D1AEFD7FB004FFEBD /* Private */,
				FADF13661AEFD7FB004FFEBD /* Responses */,
			);
			path = GIGNetwork;
			sourceTree = "<group>";
		};
		FADF133B1AEFD7FB004FFEBD /* Config */ = {
			isa = PBXGroup;
			children = (
				FADF133C1AEFD7FB004FFEBD /* GIGURLConfigAddDomainViewController.h */,
				FADF133D1AEFD7FB004FFEBD /* GIGURLConfigAddDomainViewController.m */,
				FADF133E1AEFD7FB004FFEBD /* GIGURLConfigDomainsTableViewController.h */,
				FADF133F1AEFD7FB004FFEBD /* GIGURLConfigDomainsTableViewController.m */,
				FADF13401AEFD7FB004FFEBD /* GIGURLConfigFixtureDetailTableViewController.h */,
				FADF13411AEFD7FB004FFEBD /* GIGURLConfigFixtureDetailTableViewController.m */,
				FADF13421AEFD7FB004FFEBD /* GIGURLConfigFixturesTableViewController.h */,
				FADF13431AEFD7FB004FFEBD /* GIGURLConfigFixturesTableViewController.m */,
				FADF13441AEFD7FB004FFEBD /* GIGURLConfigTableViewController.h */,
				FADF13451AEFD7FB004FFEBD /* GIGURLConfigTableViewController.m */,
			);
			path = Config;
			sourceTree = "<group>";
		};
		FADF13461AEFD7FB004FFEBD /* Domains */ = {
			isa = PBXGroup;
			children = (
				FADF13471AEFD7FB004FFEBD /* GIGURLDomain.h */,
				FADF13481AEFD7FB004FFEBD /* GIGURLDomain.m */,
				FADF13491AEFD7FB004FFEBD /* GIGURLDomainsKeeper.h */,
				FADF134A1AEFD7FB004FFEBD /* GIGURLDomainsKeeper.m */,
			);
			path = Domains;
			sourceTree = "<group>";
		};
		FADF134B1AEFD7FB004FFEBD /* Fixtures */ = {
			isa = PBXGroup;
			children = (
				FADF134C1AEFD7FB004FFEBD /* GIGURLFixture.h */,
				FADF134D1AEFD7FB004FFEBD /* GIGURLFixture.m */,
				FADF134E1AEFD7FB004FFEBD /* GIGURLFixturesKeeper.h */,
				FADF134F1AEFD7FB004FFEBD /* GIGURLFixturesKeeper.m */,
			);
			path = Fixtures;
			sourceTree = "<group>";
		};
		FADF13501AEFD7FB004FFEBD /* Formatters */ = {
			isa = PBXGroup;
			children = (
				FADF13511AEFD7FB004FFEBD /* GIGURLFormatter.h */,
				FADF13521AEFD7FB004FFEBD /* GIGURLFormatter.m */,
				FADF13531AEFD7FB004FFEBD /* GIGURLParametersFormatter.h */,
				FADF13541AEFD7FB004FFEBD /* GIGURLParametersFormatter.m */,
			);
			path = Formatters;
			sourceTree = "<group>";
		};
		FADF135D1AEFD7FB004FFEBD /* Private */ = {
			isa = PBXGroup;
			children = (
				FADF135E1AEFD7FB004FFEBD /* GIGURLConnectionBuilder.h */,
				FADF135F1AEFD7FB004FFEBD /* GIGURLConnectionBuilder.m */,
				FADF13601AEFD7FB004FFEBD /* GIGURLRequestFactory.h */,
				FADF13611AEFD7FB004FFEBD /* GIGURLRequestFactory.m */,
				FADF13621AEFD7FB004FFEBD /* GIGURLRequestLogger.h */,
				FADF13631AEFD7FB004FFEBD /* GIGURLRequestLogger.m */,
				FADF13641AEFD7FB004FFEBD /* GIGURLStorage.h */,
				FADF13651AEFD7FB004FFEBD /* GIGURLStorage.m */,
			);
			path = Private;
			sourceTree = "<group>";
		};
		FADF13661AEFD7FB004FFEBD /* Responses */ = {
			isa = PBXGroup;
			children = (
				FADF13671AEFD7FB004FFEBD /* GIGURLImageResponse.h */,
				FADF13681AEFD7FB004FFEBD /* GIGURLImageResponse.m */,
				FADF13691AEFD7FB004FFEBD /* GIGURLResponse.h */,
				FADF136A1AEFD7FB004FFEBD /* GIGURLResponse.m */,
			);
			path = Responses;
			sourceTree = "<group>";
		};
		FADF136B1AEFD7FB004FFEBD /* GIGRegexp */ = {
			isa = PBXGroup;
			children = (
				FADF136C1AEFD7FB004FFEBD /* GIGRegexp.h */,
				FADF136D1AEFD7FB004FFEBD /* NSRegularExpression+GIGRegexp.h */,
				FADF136E1AEFD7FB004FFEBD /* NSRegularExpression+GIGRegexp.m */,
				FADF136F1AEFD7FB004FFEBD /* NSString+GIGRegexp.h */,
				FADF13701AEFD7FB004FFEBD /* NSString+GIGRegexp.m */,
			);
			path = GIGRegexp;
			sourceTree = "<group>";
		};
		FADF13711AEFD7FB004FFEBD /* GIGUtils */ = {
			isa = PBXGroup;
			children = (
				FADF13721AEFD7FB004FFEBD /* Array */,
				FADF13751AEFD7FB004FFEBD /* Bundle */,
				FADF13781AEFD7FB004FFEBD /* Color */,
				FADF137B1AEFD7FB004FFEBD /* Digest */,
				FADF137E1AEFD7FB004FFEBD /* FileManager */,
				FADF13811AEFD7FB004FFEBD /* GIGDispatch.h */,
				FADF13821AEFD7FB004FFEBD /* GIGUtils.h */,
				FADF13831AEFD7FB004FFEBD /* Invocation */,
				FADF13861AEFD7FB004FFEBD /* JSON */,
				FADF138F1AEFD7FB004FFEBD /* UserDefaults */,
				FADF13921AEFD7FB004FFEBD /* View */,
			);
			path = GIGUtils;
			sourceTree = "<group>";
		};
		FADF13721AEFD7FB004FFEBD /* Array */ = {
			isa = PBXGroup;
			children = (
				FADF13731AEFD7FB004FFEBD /* NSArray+GIGExtension.h */,
				FADF13741AEFD7FB004FFEBD /* NSArray+GIGExtension.m */,
			);
			path = Array;
			sourceTree = "<group>";
		};
		FADF13751AEFD7FB004FFEBD /* Bundle */ = {
			isa = PBXGroup;
			children = (
				FADF13761AEFD7FB004FFEBD /* NSBundle+GIGLibrary.h */,
				FADF13771AEFD7FB004FFEBD /* NSBundle+GIGLibrary.m */,
			);
			path = Bundle;
			sourceTree = "<group>";
		};
		FADF13781AEFD7FB004FFEBD /* Color */ = {
			isa = PBXGroup;
			children = (
				FADF13791AEFD7FB004FFEBD /* UIColor+GIGExtension.h */,
				FADF137A1AEFD7FB004FFEBD /* UIColor+GIGExtension.m */,
			);
			path = Color;
			sourceTree = "<group>";
		};
		FADF137B1AEFD7FB004FFEBD /* Digest */ = {
			isa = PBXGroup;
			children = (
				FADF137C1AEFD7FB004FFEBD /* GIGDigest.h */,
				FADF137D1AEFD7FB004FFEBD /* GIGDigest.m */,
			);
			path = Digest;
			sourceTree = "<group>";
		};
		FADF137E1AEFD7FB004FFEBD /* FileManager */ = {
			isa = PBXGroup;
			children = (
				FADF137F1AEFD7FB004FFEBD /* GIGFileManager.h */,
				FADF13801AEFD7FB004FFEBD /* GIGFileManager.m */,
			);
			path = FileManager;
			sourceTree = "<group>";
		};
		FADF13831AEFD7FB004FFEBD /* Invocation */ = {
			isa = PBXGroup;
			children = (
				FADF13841AEFD7FB004FFEBD /* NSInvocation+GIGExtension.h */,
				FADF13851AEFD7FB004FFEBD /* NSInvocation+GIGExtension.m */,
			);
			path = Invocation;
			sourceTree = "<group>";
		};
		FADF13861AEFD7FB004FFEBD /* JSON */ = {
			isa = PBXGroup;
			children = (
				FADF13871AEFD7FB004FFEBD /* NSArray+GIGJSON.h */,
				FADF13881AEFD7FB004FFEBD /* NSArray+GIGJSON.m */,
				FADF13891AEFD7FB004FFEBD /* NSData+GIGJSON.h */,
				FADF138A1AEFD7FB004FFEBD /* NSData+GIGJSON.m */,
				FADF138B1AEFD7FB004FFEBD /* NSDictionary+GIGJSON.h */,
				FADF138C1AEFD7FB004FFEBD /* NSDictionary+GIGJSON.m */,
				FADF138D1AEFD7FB004FFEBD /* NSString+GIGJSON.h */,
				FADF138E1AEFD7FB004FFEBD /* NSString+GIGJSON.m */,
			);
			path = JSON;
			sourceTree = "<group>";
		};
		FADF138F1AEFD7FB004FFEBD /* UserDefaults */ = {
			isa = PBXGroup;
			children = (
				FADF13901AEFD7FB004FFEBD /* NSUserDefaults+GIGArchive.h */,
				FADF13911AEFD7FB004FFEBD /* NSUserDefaults+GIGArchive.m */,
			);
			path = UserDefaults;
			sourceTree = "<group>";
		};
		FADF13921AEFD7FB004FFEBD /* View */ = {
			isa = PBXGroup;
			children = (
				FADF13931AEFD7FB004FFEBD /* UIView+GIGExtension.h */,
				FADF13941AEFD7FB004FFEBD /* UIView+GIGExtension.m */,
			);
			path = View;
			sourceTree = "<group>";
		};
		FADF14251AEFDA76004FFEBD /* GiGLibraryTestApp */ = {
			isa = PBXGroup;
			children = (
				FADF142A1AEFDA76004FFEBD /* AppDelegate.h */,
				FADF142B1AEFDA76004FFEBD /* AppDelegate.m */,
				FADF142D1AEFDA76004FFEBD /* ViewController.h */,
				FADF142E1AEFDA76004FFEBD /* ViewController.m */,
				FADF14301AEFDA76004FFEBD /* Main.storyboard */,
				FADF14331AEFDA76004FFEBD /* Images.xcassets */,
				FADF14351AEFDA76004FFEBD /* LaunchScreen.xib */,
				FADF14261AEFDA76004FFEBD /* Supporting Files */,
			);
			path = GiGLibraryTestApp;
			sourceTree = "<group>";
		};
		FADF14261AEFDA76004FFEBD /* Supporting Files */ = {
			isa = PBXGroup;
			children = (
				FADF14271AEFDA76004FFEBD /* Info.plist */,
				FADF14281AEFDA76004FFEBD /* main.m */,
			);
			name = "Supporting Files";
			sourceTree = "<group>";
		};
		FADF143F1AEFDA76004FFEBD /* GiGLibraryTestAppTests */ = {
			isa = PBXGroup;
			children = (
				FADF14421AEFDA76004FFEBD /* GiGLibraryTestAppTests.m */,
				FADF14401AEFDA76004FFEBD /* Supporting Files */,
			);
			path = GiGLibraryTestAppTests;
			sourceTree = "<group>";
		};
		FADF14401AEFDA76004FFEBD /* Supporting Files */ = {
			isa = PBXGroup;
			children = (
				FADF14411AEFDA76004FFEBD /* Info.plist */,
			);
			name = "Supporting Files";
			sourceTree = "<group>";
		};
/* End PBXGroup section */

/* Begin PBXHeadersBuildPhase section */
		FA65BF961AEFD5F90031A91B /* Headers */ = {
			isa = PBXHeadersBuildPhase;
			buildActionMask = 2147483647;
			files = (
				FADF139C1AEFD7FB004FFEBD /* GIGImageCacheNameGenerator.h in Headers */,
				FADF13DE1AEFD7FB004FFEBD /* GIGURLRequest.h in Headers */,
				FADF13951AEFD7FB004FFEBD /* GIGConstants.h in Headers */,
				FADF13CC1AEFD7FB004FFEBD /* GIGURLFixturesKeeper.h in Headers */,
				FADF13B21AEFD7FB004FFEBD /* GIGLayoutSides.h in Headers */,
				FADF13AC1AEFD7FB004FFEBD /* GIGLayoutGridHorizontal.h in Headers */,
				FADF13D21AEFD7FB004FFEBD /* GIGURLParametersFormatter.h in Headers */,
				FADF141D1AEFD7FB004FFEBD /* UIView+GIGExtension.h in Headers */,
				FADF13AA1AEFD7FB004FFEBD /* GIGLayoutCenter.h in Headers */,
				FADF14001AEFD7FB004FFEBD /* UIColor+GIGExtension.h in Headers */,
				FADF13B71AEFD7FB004FFEBD /* GIGURLConfigDomainsTableViewController.h in Headers */,
				FADF13DB1AEFD7FB004FFEBD /* GIGURLManager.h in Headers */,
				FADF13EA1AEFD7FB004FFEBD /* GIGURLStorage.h in Headers */,
				FADF14111AEFD7FB004FFEBD /* NSData+GIGJSON.h in Headers */,
				FADF13E41AEFD7FB004FFEBD /* GIGURLRequestFactory.h in Headers */,
				FADF13D81AEFD7FB004FFEBD /* GIGURLFile.h in Headers */,
				FADF13C91AEFD7FB004FFEBD /* GIGURLFixture.h in Headers */,
				FADF13D51AEFD7FB004FFEBD /* GIGURLCommunicator.h in Headers */,
				FADF13C01AEFD7FB004FFEBD /* GIGURLConfigTableViewController.h in Headers */,
				FADF13B31AEFD7FB004FFEBD /* GIGLayoutSize.h in Headers */,
				FADF141A1AEFD7FB004FFEBD /* NSUserDefaults+GIGArchive.h in Headers */,
				FADF13961AEFD7FB004FFEBD /* GIGGeolocation.h in Headers */,
				FADF14141AEFD7FB004FFEBD /* NSDictionary+GIGJSON.h in Headers */,
				FADF13F01AEFD7FB004FFEBD /* GIGURLResponse.h in Headers */,
				FADF13E71AEFD7FB004FFEBD /* GIGURLRequestLogger.h in Headers */,
				FADF140A1AEFD7FB004FFEBD /* GIGUtils.h in Headers */,
				FADF13CF1AEFD7FB004FFEBD /* GIGURLFormatter.h in Headers */,
				FADF140E1AEFD7FB004FFEBD /* NSArray+GIGJSON.h in Headers */,
				FADF13ED1AEFD7FB004FFEBD /* GIGURLImageResponse.h in Headers */,
				FADF14061AEFD7FB004FFEBD /* GIGFileManager.h in Headers */,
				FADF13E11AEFD7FB004FFEBD /* GIGURLConnectionBuilder.h in Headers */,
				FADF13BD1AEFD7FB004FFEBD /* GIGURLConfigFixturesTableViewController.h in Headers */,
				FADF13FA1AEFD7FB004FFEBD /* NSArray+GIGExtension.h in Headers */,
				FADF14091AEFD7FB004FFEBD /* GIGDispatch.h in Headers */,
				FADF13C31AEFD7FB004FFEBD /* GIGURLDomain.h in Headers */,
				FADF13A81AEFD7FB004FFEBD /* GIGLayout.h in Headers */,
				FA65BF9F1AEFD5F90031A91B /* GiGLibrary.h in Headers */,
				FADF13BA1AEFD7FB004FFEBD /* GIGURLConfigFixtureDetailTableViewController.h in Headers */,
				FADF13A91AEFD7FB004FFEBD /* GIGLayoutBase.h in Headers */,
				FADF13AF1AEFD7FB004FFEBD /* GIGLayoutGridVertical.h in Headers */,
				FADF13F41AEFD7FB004FFEBD /* NSRegularExpression+GIGRegexp.h in Headers */,
				FADF13C61AEFD7FB004FFEBD /* GIGURLDomainsKeeper.h in Headers */,
				FADF13F71AEFD7FB004FFEBD /* NSString+GIGRegexp.h in Headers */,
				FADF14171AEFD7FB004FFEBD /* NSString+GIGJSON.h in Headers */,
				FADF13A51AEFD7FB004FFEBD /* GIGImageStore.h in Headers */,
				FADF13B41AEFD7FB004FFEBD /* GIGURLConfigAddDomainViewController.h in Headers */,
				FADF13AB1AEFD7FB004FFEBD /* GIGLayoutFit.h in Headers */,
				FADF139F1AEFD7FB004FFEBD /* GIGImageDownload.h in Headers */,
				FADF13A21AEFD7FB004FFEBD /* GIGImageDownloader.h in Headers */,
				FADF140B1AEFD7FB004FFEBD /* NSInvocation+GIGExtension.h in Headers */,
				FADF14031AEFD7FB004FFEBD /* GIGDigest.h in Headers */,
				FADF13991AEFD7FB004FFEBD /* GIGImageCache.h in Headers */,
				FADF13F31AEFD7FB004FFEBD /* GIGRegexp.h in Headers */,
				FADF13FD1AEFD7FB004FFEBD /* NSBundle+GIGLibrary.h in Headers */,
			);
			runOnlyForDeploymentPostprocessing = 0;
		};
/* End PBXHeadersBuildPhase section */

/* Begin PBXNativeTarget section */
		FA65BF981AEFD5F90031A91B /* GiGLibrary */ = {
			isa = PBXNativeTarget;
			buildConfigurationList = FA65BFAF1AEFD5F90031A91B /* Build configuration list for PBXNativeTarget "GiGLibrary" */;
			buildPhases = (
				FA65BF941AEFD5F90031A91B /* Sources */,
				FA65BF951AEFD5F90031A91B /* Frameworks */,
				FA65BF961AEFD5F90031A91B /* Headers */,
				FA65BF971AEFD5F90031A91B /* Resources */,
			);
			buildRules = (
			);
			dependencies = (
			);
			name = GiGLibrary;
			productName = GiGLibrary;
			productReference = FA65BF991AEFD5F90031A91B /* GiGLibrary.framework */;
			productType = "com.apple.product-type.framework";
		};
		FADF14231AEFDA76004FFEBD /* GiGLibraryTestApp */ = {
			isa = PBXNativeTarget;
			buildConfigurationList = FADF14441AEFDA76004FFEBD /* Build configuration list for PBXNativeTarget "GiGLibraryTestApp" */;
			buildPhases = (
				FADF14201AEFDA76004FFEBD /* Sources */,
				FADF14211AEFDA76004FFEBD /* Frameworks */,
				FADF14221AEFDA76004FFEBD /* Resources */,
			);
			buildRules = (
			);
			dependencies = (
				FADF144B1AEFDA95004FFEBD /* PBXTargetDependency */,
			);
			name = GiGLibraryTestApp;
			productName = GiGLibraryTestApp;
			productReference = FADF14241AEFDA76004FFEBD /* GiGLibraryTestApp.app */;
			productType = "com.apple.product-type.application";
		};
		FADF143B1AEFDA76004FFEBD /* GiGLibraryTestAppTests */ = {
			isa = PBXNativeTarget;
			buildConfigurationList = FADF14471AEFDA76004FFEBD /* Build configuration list for PBXNativeTarget "GiGLibraryTestAppTests" */;
			buildPhases = (
				FADF14381AEFDA76004FFEBD /* Sources */,
				FADF14391AEFDA76004FFEBD /* Frameworks */,
				FADF143A1AEFDA76004FFEBD /* Resources */,
			);
			buildRules = (
			);
			dependencies = (
				FADF143E1AEFDA76004FFEBD /* PBXTargetDependency */,
			);
			name = GiGLibraryTestAppTests;
			productName = GiGLibraryTestAppTests;
			productReference = FADF143C1AEFDA76004FFEBD /* GiGLibraryTestAppTests.xctest */;
			productType = "com.apple.product-type.bundle.unit-test";
		};
/* End PBXNativeTarget section */

/* Begin PBXProject section */
		FA65BF901AEFD5F80031A91B /* Project object */ = {
			isa = PBXProject;
			attributes = {
				LastUpgradeCheck = 0630;
				ORGANIZATIONNAME = "Gigigo SL";
				TargetAttributes = {
					FA65BF981AEFD5F90031A91B = {
						CreatedOnToolsVersion = 6.3;
					};
					FADF14231AEFDA76004FFEBD = {
						CreatedOnToolsVersion = 6.3;
					};
					FADF143B1AEFDA76004FFEBD = {
						CreatedOnToolsVersion = 6.3;
						TestTargetID = FADF14231AEFDA76004FFEBD;
					};
				};
			};
			buildConfigurationList = FA65BF931AEFD5F80031A91B /* Build configuration list for PBXProject "GiGLibrary" */;
			compatibilityVersion = "Xcode 3.2";
			developmentRegion = English;
			hasScannedForEncodings = 0;
			knownRegions = (
				en,
				Base,
			);
			mainGroup = FA65BF8F1AEFD5F80031A91B;
			productRefGroup = FA65BF9A1AEFD5F90031A91B /* Products */;
			projectDirPath = "";
			projectRoot = "";
			targets = (
				FA65BF981AEFD5F90031A91B /* GiGLibrary */,
				FADF14231AEFDA76004FFEBD /* GiGLibraryTestApp */,
				FADF143B1AEFDA76004FFEBD /* GiGLibraryTestAppTests */,
			);
		};
/* End PBXProject section */

/* Begin PBXResourcesBuildPhase section */
		FA65BF971AEFD5F90031A91B /* Resources */ = {
			isa = PBXResourcesBuildPhase;
			buildActionMask = 2147483647;
			files = (
			);
			runOnlyForDeploymentPostprocessing = 0;
		};
		FADF14221AEFDA76004FFEBD /* Resources */ = {
			isa = PBXResourcesBuildPhase;
			buildActionMask = 2147483647;
			files = (
				FADF14321AEFDA76004FFEBD /* Main.storyboard in Resources */,
				FADF14371AEFDA76004FFEBD /* LaunchScreen.xib in Resources */,
				FADF14341AEFDA76004FFEBD /* Images.xcassets in Resources */,
			);
			runOnlyForDeploymentPostprocessing = 0;
		};
		FADF143A1AEFDA76004FFEBD /* Resources */ = {
			isa = PBXResourcesBuildPhase;
			buildActionMask = 2147483647;
			files = (
			);
			runOnlyForDeploymentPostprocessing = 0;
		};
/* End PBXResourcesBuildPhase section */

/* Begin PBXSourcesBuildPhase section */
		FA65BF941AEFD5F90031A91B /* Sources */ = {
			isa = PBXSourcesBuildPhase;
			buildActionMask = 2147483647;
			files = (
				FADF13DF1AEFD7FB004FFEBD /* GIGURLRequest.m in Sources */,
				FADF13C11AEFD7FB004FFEBD /* GIGURLConfigTableViewController.m in Sources */,
				FADF13DC1AEFD7FB004FFEBD /* GIGURLManager.m in Sources */,
				FADF139A1AEFD7FB004FFEBD /* GIGImageCache.m in Sources */,
				FADF13F81AEFD7FB004FFEBD /* NSString+GIGRegexp.m in Sources */,
				FADF13D61AEFD7FB004FFEBD /* GIGURLCommunicator.m in Sources */,
				FADF13E21AEFD7FB004FFEBD /* GIGURLConnectionBuilder.m in Sources */,
				FADF13D91AEFD7FB004FFEBD /* GIGURLFile.m in Sources */,
				FADF13D01AEFD7FB004FFEBD /* GIGURLFormatter.m in Sources */,
				FADF13F51AEFD7FB004FFEBD /* NSRegularExpression+GIGRegexp.m in Sources */,
				FADF13EE1AEFD7FB004FFEBD /* GIGURLImageResponse.m in Sources */,
				FADF13D31AEFD7FB004FFEBD /* GIGURLParametersFormatter.m in Sources */,
				FADF13AD1AEFD7FB004FFEBD /* GIGLayoutGridHorizontal.m in Sources */,
				FADF13EB1AEFD7FB004FFEBD /* GIGURLStorage.m in Sources */,
				FADF141E1AEFD7FB004FFEBD /* UIView+GIGExtension.m in Sources */,
				FADF141B1AEFD7FB004FFEBD /* NSUserDefaults+GIGArchive.m in Sources */,
				FADF13E51AEFD7FB004FFEBD /* GIGURLRequestFactory.m in Sources */,
				FADF13BB1AEFD7FB004FFEBD /* GIGURLConfigFixtureDetailTableViewController.m in Sources */,
				FADF140F1AEFD7FB004FFEBD /* NSArray+GIGJSON.m in Sources */,
				FADF13FB1AEFD7FB004FFEBD /* NSArray+GIGExtension.m in Sources */,
				FADF14071AEFD7FB004FFEBD /* GIGFileManager.m in Sources */,
				FADF140C1AEFD7FB004FFEBD /* NSInvocation+GIGExtension.m in Sources */,
				FADF14151AEFD7FB004FFEBD /* NSDictionary+GIGJSON.m in Sources */,
				FADF13FE1AEFD7FB004FFEBD /* NSBundle+GIGLibrary.m in Sources */,
				FADF13B51AEFD7FB004FFEBD /* GIGURLConfigAddDomainViewController.m in Sources */,
				FADF13C71AEFD7FB004FFEBD /* GIGURLDomainsKeeper.m in Sources */,
				FADF13971AEFD7FB004FFEBD /* GIGGeolocation.m in Sources */,
				FADF13CD1AEFD7FB004FFEBD /* GIGURLFixturesKeeper.m in Sources */,
				FADF13BE1AEFD7FB004FFEBD /* GIGURLConfigFixturesTableViewController.m in Sources */,
				FADF139D1AEFD7FB004FFEBD /* GIGImageCacheNameGenerator.m in Sources */,
				FADF13B81AEFD7FB004FFEBD /* GIGURLConfigDomainsTableViewController.m in Sources */,
				FADF14121AEFD7FB004FFEBD /* NSData+GIGJSON.m in Sources */,
				FADF13A01AEFD7FB004FFEBD /* GIGImageDownload.m in Sources */,
				FADF13F11AEFD7FB004FFEBD /* GIGURLResponse.m in Sources */,
				FADF13CA1AEFD7FB004FFEBD /* GIGURLFixture.m in Sources */,
				FADF13E81AEFD7FB004FFEBD /* GIGURLRequestLogger.m in Sources */,
				FADF13A31AEFD7FB004FFEBD /* GIGImageDownloader.m in Sources */,
				FADF13A61AEFD7FB004FFEBD /* GIGImageStore.m in Sources */,
				FADF13B01AEFD7FB004FFEBD /* GIGLayoutGridVertical.m in Sources */,
				FADF14041AEFD7FB004FFEBD /* GIGDigest.m in Sources */,
				FADF13C41AEFD7FB004FFEBD /* GIGURLDomain.m in Sources */,
				FADF14011AEFD7FB004FFEBD /* UIColor+GIGExtension.m in Sources */,
				FADF14181AEFD7FB004FFEBD /* NSString+GIGJSON.m in Sources */,
			);
			runOnlyForDeploymentPostprocessing = 0;
		};
		FADF14201AEFDA76004FFEBD /* Sources */ = {
			isa = PBXSourcesBuildPhase;
			buildActionMask = 2147483647;
			files = (
				FADF142F1AEFDA76004FFEBD /* ViewController.m in Sources */,
				FADF142C1AEFDA76004FFEBD /* AppDelegate.m in Sources */,
				FADF14291AEFDA76004FFEBD /* main.m in Sources */,
			);
			runOnlyForDeploymentPostprocessing = 0;
		};
		FADF14381AEFDA76004FFEBD /* Sources */ = {
			isa = PBXSourcesBuildPhase;
			buildActionMask = 2147483647;
			files = (
				FADF14431AEFDA76004FFEBD /* GiGLibraryTestAppTests.m in Sources */,
			);
			runOnlyForDeploymentPostprocessing = 0;
		};
/* End PBXSourcesBuildPhase section */

/* Begin PBXTargetDependency section */
		FADF143E1AEFDA76004FFEBD /* PBXTargetDependency */ = {
			isa = PBXTargetDependency;
			target = FADF14231AEFDA76004FFEBD /* GiGLibraryTestApp */;
			targetProxy = FADF143D1AEFDA76004FFEBD /* PBXContainerItemProxy */;
		};
		FADF144B1AEFDA95004FFEBD /* PBXTargetDependency */ = {
			isa = PBXTargetDependency;
			target = FA65BF981AEFD5F90031A91B /* GiGLibrary */;
			targetProxy = FADF144A1AEFDA95004FFEBD /* PBXContainerItemProxy */;
		};
/* End PBXTargetDependency section */

/* Begin PBXVariantGroup section */
		FADF14301AEFDA76004FFEBD /* Main.storyboard */ = {
			isa = PBXVariantGroup;
			children = (
				FADF14311AEFDA76004FFEBD /* Base */,
			);
			name = Main.storyboard;
			sourceTree = "<group>";
		};
		FADF14351AEFDA76004FFEBD /* LaunchScreen.xib */ = {
			isa = PBXVariantGroup;
			children = (
				FADF14361AEFDA76004FFEBD /* Base */,
			);
			name = LaunchScreen.xib;
			sourceTree = "<group>";
		};
/* End PBXVariantGroup section */

/* Begin XCBuildConfiguration section */
		FA65BFAD1AEFD5F90031A91B /* Debug */ = {
			isa = XCBuildConfiguration;
			buildSettings = {
				ALWAYS_SEARCH_USER_PATHS = NO;
				CLANG_CXX_LANGUAGE_STANDARD = "gnu++0x";
				CLANG_CXX_LIBRARY = "libc++";
				CLANG_ENABLE_MODULES = YES;
				CLANG_ENABLE_OBJC_ARC = YES;
				CLANG_WARN_BOOL_CONVERSION = YES;
				CLANG_WARN_CONSTANT_CONVERSION = YES;
				CLANG_WARN_DIRECT_OBJC_ISA_USAGE = YES_ERROR;
				CLANG_WARN_EMPTY_BODY = YES;
				CLANG_WARN_ENUM_CONVERSION = YES;
				CLANG_WARN_INT_CONVERSION = YES;
				CLANG_WARN_OBJC_ROOT_CLASS = YES_ERROR;
				CLANG_WARN_UNREACHABLE_CODE = YES;
				CLANG_WARN__DUPLICATE_METHOD_MATCH = YES;
				"CODE_SIGN_IDENTITY[sdk=iphoneos*]" = "iPhone Developer";
				COPY_PHASE_STRIP = NO;
				CURRENT_PROJECT_VERSION = 1;
				DEBUG_INFORMATION_FORMAT = "dwarf-with-dsym";
				ENABLE_STRICT_OBJC_MSGSEND = YES;
				GCC_C_LANGUAGE_STANDARD = gnu99;
				GCC_DYNAMIC_NO_PIC = NO;
				GCC_NO_COMMON_BLOCKS = YES;
				GCC_OPTIMIZATION_LEVEL = 0;
				GCC_PREPROCESSOR_DEFINITIONS = (
					"DEBUG=1",
					"$(inherited)",
				);
				GCC_SYMBOLS_PRIVATE_EXTERN = NO;
				GCC_WARN_64_TO_32_BIT_CONVERSION = YES;
				GCC_WARN_ABOUT_RETURN_TYPE = YES_ERROR;
				GCC_WARN_UNDECLARED_SELECTOR = YES;
				GCC_WARN_UNINITIALIZED_AUTOS = YES_AGGRESSIVE;
				GCC_WARN_UNUSED_FUNCTION = YES;
				GCC_WARN_UNUSED_VARIABLE = YES;
				IPHONEOS_DEPLOYMENT_TARGET = 8.3;
				MTL_ENABLE_DEBUG_INFO = YES;
				ONLY_ACTIVE_ARCH = YES;
				SDKROOT = iphoneos;
				TARGETED_DEVICE_FAMILY = "1,2";
				VERSIONING_SYSTEM = "apple-generic";
				VERSION_INFO_PREFIX = "";
			};
			name = Debug;
		};
		FA65BFAE1AEFD5F90031A91B /* Release */ = {
			isa = XCBuildConfiguration;
			buildSettings = {
				ALWAYS_SEARCH_USER_PATHS = NO;
				CLANG_CXX_LANGUAGE_STANDARD = "gnu++0x";
				CLANG_CXX_LIBRARY = "libc++";
				CLANG_ENABLE_MODULES = YES;
				CLANG_ENABLE_OBJC_ARC = YES;
				CLANG_WARN_BOOL_CONVERSION = YES;
				CLANG_WARN_CONSTANT_CONVERSION = YES;
				CLANG_WARN_DIRECT_OBJC_ISA_USAGE = YES_ERROR;
				CLANG_WARN_EMPTY_BODY = YES;
				CLANG_WARN_ENUM_CONVERSION = YES;
				CLANG_WARN_INT_CONVERSION = YES;
				CLANG_WARN_OBJC_ROOT_CLASS = YES_ERROR;
				CLANG_WARN_UNREACHABLE_CODE = YES;
				CLANG_WARN__DUPLICATE_METHOD_MATCH = YES;
				"CODE_SIGN_IDENTITY[sdk=iphoneos*]" = "iPhone Developer";
				COPY_PHASE_STRIP = NO;
				CURRENT_PROJECT_VERSION = 1;
				DEBUG_INFORMATION_FORMAT = "dwarf-with-dsym";
				ENABLE_NS_ASSERTIONS = NO;
				ENABLE_STRICT_OBJC_MSGSEND = YES;
				GCC_C_LANGUAGE_STANDARD = gnu99;
				GCC_NO_COMMON_BLOCKS = YES;
				GCC_WARN_64_TO_32_BIT_CONVERSION = YES;
				GCC_WARN_ABOUT_RETURN_TYPE = YES_ERROR;
				GCC_WARN_UNDECLARED_SELECTOR = YES;
				GCC_WARN_UNINITIALIZED_AUTOS = YES_AGGRESSIVE;
				GCC_WARN_UNUSED_FUNCTION = YES;
				GCC_WARN_UNUSED_VARIABLE = YES;
				IPHONEOS_DEPLOYMENT_TARGET = 8.3;
				MTL_ENABLE_DEBUG_INFO = NO;
				SDKROOT = iphoneos;
				TARGETED_DEVICE_FAMILY = "1,2";
				VALIDATE_PRODUCT = YES;
				VERSIONING_SYSTEM = "apple-generic";
				VERSION_INFO_PREFIX = "";
			};
			name = Release;
		};
		FA65BFB01AEFD5F90031A91B /* Debug */ = {
			isa = XCBuildConfiguration;
			buildSettings = {
				DEFINES_MODULE = YES;
				DYLIB_COMPATIBILITY_VERSION = 1;
				DYLIB_CURRENT_VERSION = 1;
				DYLIB_INSTALL_NAME_BASE = "@rpath";
				INFOPLIST_FILE = GiGLibrary/Info.plist;
				INSTALL_PATH = "$(LOCAL_LIBRARY_DIR)/Frameworks";
				LD_RUNPATH_SEARCH_PATHS = "$(inherited) @executable_path/Frameworks @loader_path/Frameworks";
				PRODUCT_NAME = "$(TARGET_NAME)";
				SKIP_INSTALL = YES;
			};
			name = Debug;
		};
		FA65BFB11AEFD5F90031A91B /* Release */ = {
			isa = XCBuildConfiguration;
			buildSettings = {
				DEFINES_MODULE = YES;
				DYLIB_COMPATIBILITY_VERSION = 1;
				DYLIB_CURRENT_VERSION = 1;
				DYLIB_INSTALL_NAME_BASE = "@rpath";
				INFOPLIST_FILE = GiGLibrary/Info.plist;
				INSTALL_PATH = "$(LOCAL_LIBRARY_DIR)/Frameworks";
				LD_RUNPATH_SEARCH_PATHS = "$(inherited) @executable_path/Frameworks @loader_path/Frameworks";
				PRODUCT_NAME = "$(TARGET_NAME)";
				SKIP_INSTALL = YES;
			};
			name = Release;
		};
		FADF14451AEFDA76004FFEBD /* Debug */ = {
			isa = XCBuildConfiguration;
			buildSettings = {
				ASSETCATALOG_COMPILER_APPICON_NAME = AppIcon;
				FRAMEWORK_SEARCH_PATHS = "$(DEVELOPER_FRAMEWORKS_DIR)";
				GCC_PREPROCESSOR_DEFINITIONS = (
					"DEBUG=1",
					"$(inherited)",
				);
				INFOPLIST_FILE = GiGLibraryTestApp/Info.plist;
				LD_RUNPATH_SEARCH_PATHS = "$(inherited) @executable_path/Frameworks";
				PRODUCT_NAME = "$(TARGET_NAME)";
			};
			name = Debug;
		};
		FADF14461AEFDA76004FFEBD /* Release */ = {
			isa = XCBuildConfiguration;
			buildSettings = {
				ASSETCATALOG_COMPILER_APPICON_NAME = AppIcon;
				FRAMEWORK_SEARCH_PATHS = "$(DEVELOPER_FRAMEWORKS_DIR)";
				INFOPLIST_FILE = GiGLibraryTestApp/Info.plist;
				LD_RUNPATH_SEARCH_PATHS = "$(inherited) @executable_path/Frameworks";
				PRODUCT_NAME = "$(TARGET_NAME)";
			};
			name = Release;
		};
		FADF14481AEFDA76004FFEBD /* Debug */ = {
			isa = XCBuildConfiguration;
			buildSettings = {
				BUNDLE_LOADER = "$(TEST_HOST)";
				FRAMEWORK_SEARCH_PATHS = (
					"$(SDKROOT)/Developer/Library/Frameworks",
					"$(inherited)",
				);
				GCC_PREPROCESSOR_DEFINITIONS = (
					"DEBUG=1",
					"$(inherited)",
				);
				INFOPLIST_FILE = GiGLibraryTestAppTests/Info.plist;
				LD_RUNPATH_SEARCH_PATHS = "$(inherited) @executable_path/Frameworks @loader_path/Frameworks";
				PRODUCT_NAME = "$(TARGET_NAME)";
				TEST_HOST = "$(BUILT_PRODUCTS_DIR)/GiGLibraryTestApp.app/GiGLibraryTestApp";
			};
			name = Debug;
		};
		FADF14491AEFDA76004FFEBD /* Release */ = {
			isa = XCBuildConfiguration;
			buildSettings = {
				BUNDLE_LOADER = "$(TEST_HOST)";
				FRAMEWORK_SEARCH_PATHS = (
					"$(SDKROOT)/Developer/Library/Frameworks",
					"$(inherited)",
				);
				INFOPLIST_FILE = GiGLibraryTestAppTests/Info.plist;
				LD_RUNPATH_SEARCH_PATHS = "$(inherited) @executable_path/Frameworks @loader_path/Frameworks";
				PRODUCT_NAME = "$(TARGET_NAME)";
				TEST_HOST = "$(BUILT_PRODUCTS_DIR)/GiGLibraryTestApp.app/GiGLibraryTestApp";
			};
			name = Release;
		};
/* End XCBuildConfiguration section */

/* Begin XCConfigurationList section */
		FA65BF931AEFD5F80031A91B /* Build configuration list for PBXProject "GiGLibrary" */ = {
			isa = XCConfigurationList;
			buildConfigurations = (
				FA65BFAD1AEFD5F90031A91B /* Debug */,
				FA65BFAE1AEFD5F90031A91B /* Release */,
			);
			defaultConfigurationIsVisible = 0;
			defaultConfigurationName = Release;
		};
		FA65BFAF1AEFD5F90031A91B /* Build configuration list for PBXNativeTarget "GiGLibrary" */ = {
			isa = XCConfigurationList;
			buildConfigurations = (
				FA65BFB01AEFD5F90031A91B /* Debug */,
				FA65BFB11AEFD5F90031A91B /* Release */,
			);
			defaultConfigurationIsVisible = 0;
			defaultConfigurationName = Release;
		};
		FADF14441AEFDA76004FFEBD /* Build configuration list for PBXNativeTarget "GiGLibraryTestApp" */ = {
			isa = XCConfigurationList;
			buildConfigurations = (
				FADF14451AEFDA76004FFEBD /* Debug */,
				FADF14461AEFDA76004FFEBD /* Release */,
			);
			defaultConfigurationIsVisible = 0;
		};
		FADF14471AEFDA76004FFEBD /* Build configuration list for PBXNativeTarget "GiGLibraryTestAppTests" */ = {
			isa = XCConfigurationList;
			buildConfigurations = (
				FADF14481AEFDA76004FFEBD /* Debug */,
				FADF14491AEFDA76004FFEBD /* Release */,
			);
			defaultConfigurationIsVisible = 0;
		};
/* End XCConfigurationList section */
	};
	rootObject = FA65BF901AEFD5F80031A91B /* Project object */;
}
